{
  "version": 4,
  "terraform_version": "1.15.0",
  "serial": 386,
  "lineage": "acb79e56-e180-b882-760c-1c0856a8b11f",
  "outputs": {
    "alb_dns_name": {
      "value": "smarthome-dev-alb-227170329.us-east-1.elb.amazonaws.com",
      "type": "string"
    },
    "api_gateway_url": {
      "value": "https://y9drt9gw91.execute-api.us-east-1.amazonaws.com/dev",
      "type": "string"
    },
    "device_events_queue": {
      "value": "https://sqs.us-east-1.amazonaws.com/023487919036/smarthome-dev-device-events",
      "type": "string"
    },
    "iot_endpoint": {
      "value": "a1tz6agk3vlgq9-ats.iot.us-east-1.amazonaws.com",
      "type": "string"
    },
    "service_urls": {
      "value": {
        "analytics-service": "http://smarthome-dev-alb-227170329.us-east-1.elb.amazonaws.com/api/v1/analytics",
        "automation-service": "http://smarthome-dev-alb-227170329.us-east-1.elb.amazonaws.com/api/v1/automation",
        "device-service": "http://smarthome-dev-alb-227170329.us-east-1.elb.amazonaws.com/api/v1/device",
        "user-service": "http://smarthome-dev-alb-227170329.us-east-1.elb.amazonaws.com/api/v1/user"
      },
      "type": [
        "object",
        {
          "analytics-service": "string",
          "automation-service": "string",
          "device-service": "string",
          "user-service": "string"
        }
      ]
    }
  },
  "resources": [
    {
      "module": "module.api_gateway",
      "mode": "managed",
      "type": "aws_apigatewayv2_api",
      "name": "main",
      "provider": "provider[\"registry.terraform.io/hashicorp/aws\"]",
      "instances": [
        {
          "schema_version": 0,
          "attributes": {
            "api_endpoint": "https://y9drt9gw91.execute-api.us-east-1.amazonaws.com",
            "api_key_selection_expression": "$request.header.x-api-key",
            "arn": "arn:aws:apigateway:us-east-1::/apis/y9drt9gw91",
            "body": null,
            "cors_configuration": [
              {
                "allow_credentials": false,
                "allow_headers": [
                  "Authorization",
                  "Content-Type",
                  "X-API-Key"
                ],
                "allow_methods": [
                  "DELETE",
                  "GET",
                  "OPTIONS",
                  "POST",
                  "PUT"
                ],
                "allow_origins": [
                  "*"
                ],
                "expose_headers": null,
                "max_age": 300
              }
            ],
            "credentials_arn": null,
            "description": "Smart Home Hub Platform API Gateway",
            "disable_execute_api_endpoint": false,
            "execution_arn": "arn:aws:execute-api:us-east-1:023487919036:y9drt9gw91",
            "fail_on_warnings": null,
            "id": "y9drt9gw91",
            "ip_address_type": "ipv4",
            "name": "smarthome-dev-api",
            "protocol_type": "HTTP",
            "route_key": null,
            "route_selection_expression": "$request.method $request.path",
            "tags": {
              "Environment": "dev",
              "Project": "SmartHomePlatform",
              "Team": "CloudComputingClass"
            },
            "tags_all": {
              "Course": "CloudComputing",
              "Environment": "dev",
              "ManagedBy": "Terraform",
              "Project": "SmartHomePlatform",
              "Team": "CloudComputingClass"
            },
            "target": null,
            "version": ""
          },
          "sensitive_attributes": [],
          "identity_schema_version": 0,
          "private": "bnVsbA=="
        }
      ]
    },
    {
      "module": "module.api_gateway",
      "mode": "managed",
      "type": "aws_apigatewayv2_integration",
      "name": "alb",
      "provider": "provider[\"registry.terraform.io/hashicorp/aws\"]",
      "instances": [
        {
          "schema_version": 0,
          "attributes": {
            "api_id": "y9drt9gw91",
            "connection_id": "",
            "connection_type": "INTERNET",
            "content_handling_strategy": "",
            "credentials_arn": "",
            "description": "",
            "id": "spph3do",
            "integration_method": "ANY",
            "integration_response_selection_expression": "",
            "integration_subtype": "",
            "integration_type": "HTTP_PROXY",
            "integration_uri": "http://smarthome-dev-alb-227170329.us-east-1.elb.amazonaws.com/{proxy}",
            "passthrough_behavior": "",
            "payload_format_version": "1.0",
            "request_parameters": null,
            "request_templates": null,
            "response_parameters": [],
            "template_selection_expression": "",
            "timeout_milliseconds": 30000,
            "tls_config": []
          },
          "sensitive_attributes": [],
          "identity_schema_version": 0,
          "private": "bnVsbA==",
          "dependencies": [
            "module.api_gateway.aws_apigatewayv2_api.main",
            "module.ecs.aws_lb.main",
            "module.ecs.aws_security_group.alb",
            "module.networking.aws_subnet.public",
            "module.networking.aws_vpc.main",
            "module.networking.data.aws_availability_zones.available"
          ]
        }
      ]
    },
    {
      "module": "module.api_gateway",
      "mode": "managed",
      "type": "aws_apigatewayv2_route",
      "name": "proxy",
      "provider": "provider[\"registry.terraform.io/hashicorp/aws\"]",
      "instances": [
        {
          "schema_version": 0,
          "attributes": {
            "api_id": "y9drt9gw91",
            "api_key_required": false,
            "authorization_scopes": null,
            "authorization_type": "NONE",
            "authorizer_id": "",
            "id": "pnillp8",
            "model_selection_expression": "",
            "operation_name": "",
            "request_models": null,
            "request_parameter": [],
            "route_key": "ANY /{proxy+}",
            "route_response_selection_expression": "",
            "target": "integrations/spph3do"
          },
          "sensitive_attributes": [],
          "identity_schema_version": 0,
          "private": "bnVsbA==",
          "dependencies": [
            "module.api_gateway.aws_apigatewayv2_api.main",
            "module.api_gateway.aws_apigatewayv2_integration.alb",
            "module.ecs.aws_lb.main",
            "module.ecs.aws_security_group.alb",
            "module.networking.aws_subnet.public",
            "module.networking.aws_vpc.main",
            "module.networking.data.aws_availability_zones.available"
          ]
        }
      ]
    },
    {
      "module": "module.api_gateway",
      "mode": "managed",
      "type": "aws_apigatewayv2_stage",
      "name": "main",
      "provider": "provider[\"registry.terraform.io/hashicorp/aws\"]",
      "instances": [
        {
          "schema_version": 0,
          "attributes": {
            "access_log_settings": [
              {
                "destination_arn": "arn:aws:logs:us-east-1:023487919036:log-group:/aws/apigateway/smarthome-dev",
                "format": "{\"httpMethod\":\"$context.httpMethod\",\"integrationError\":\"$context.integrationErrorMessage\",\"ip\":\"$context.identity.sourceIp\",\"requestId\":\"$context.requestId\",\"requestTime\":\"$context.requestTime\",\"responseLength\":\"$context.responseLength\",\"routeKey\":\"$context.routeKey\",\"status\":\"$context.status\"}"
              }
            ],
            "api_id": "y9drt9gw91",
            "arn": "arn:aws:apigateway:us-east-1::/apis/y9drt9gw91/stages/dev",
            "auto_deploy": true,
            "client_certificate_id": "",
            "default_route_settings": [
              {
                "data_trace_enabled": false,
                "detailed_metrics_enabled": false,
                "logging_level": "",
                "throttling_burst_limit": 100,
                "throttling_rate_limit": 50
              }
            ],
            "deployment_id": "",
            "description": "",
            "execution_arn": "arn:aws:execute-api:us-east-1:023487919036:y9drt9gw91/dev",
            "id": "dev",
            "invoke_url": "https://y9drt9gw91.execute-api.us-east-1.amazonaws.com/dev",
            "name": "dev",
            "route_settings": [],
            "stage_variables": null,
            "tags": {
              "Environment": "dev",
              "Project": "SmartHomePlatform",
              "Team": "CloudComputingClass"
            },
            "tags_all": {
              "Course": "CloudComputing",
              "Environment": "dev",
              "ManagedBy": "Terraform",
              "Project": "SmartHomePlatform",
              "Team": "CloudComputingClass"
            }
          },
          "sensitive_attributes": [],
          "identity_schema_version": 0,
          "private": "bnVsbA==",
          "dependencies": [
            "module.api_gateway.aws_apigatewayv2_api.main",
            "module.api_gateway.aws_cloudwatch_log_group.api_gateway"
          ]
        }
      ]
    },
    {
      "module": "module.api_gateway",
      "mode": "managed",
      "type": "aws_cloudwatch_log_group",
      "name": "api_gateway",
      "provider": "provider[\"registry.terraform.io/hashicorp/aws\"]",
      "instances": [
        {
          "schema_version": 0,
          "attributes": {
            "arn": "arn:aws:logs:us-east-1:023487919036:log-group:/aws/apigateway/smarthome-dev",
            "id": "/aws/apigateway/smarthome-dev",
            "kms_key_id": "",
            "log_group_class": "STANDARD",
            "name": "/aws/apigateway/smarthome-dev",
            "name_prefix": "",
            "retention_in_days": 7,
            "skip_destroy": false,
            "tags": {
              "Environment": "dev",
              "Project": "SmartHomePlatform",
              "Team": "CloudComputingClass"
            },
            "tags_all": {
              "Course": "CloudComputing",
              "Environment": "dev",
              "ManagedBy": "Terraform",
              "Project": "SmartHomePlatform",
              "Team": "CloudComputingClass"
            }
          },
          "sensitive_attributes": [],
          "identity_schema_version": 0,
          "private": "bnVsbA=="
        }
      ]
    },
    {
      "module": "module.database",
      "mode": "managed",
      "type": "aws_db_instance",
      "name": "main",
      "provider": "provider[\"registry.terraform.io/hashicorp/aws\"]",
      "instances": [
        {
          "schema_version": 2,
          "attributes": {
            "address": "smarthome-dev-postgres.cm3884c4mkoz.us-east-1.rds.amazonaws.com",
            "allocated_storage": 20,
            "allow_major_version_upgrade": null,
            "apply_immediately": false,
            "arn": "arn:aws:rds:us-east-1:023487919036:db:smarthome-dev-postgres",
            "auto_minor_version_upgrade": true,
            "availability_zone": "us-east-1b",
            "backup_retention_period": 7,
            "backup_target": "region",
            "backup_window": "03:00-04:00",
            "blue_green_update": [],
            "ca_cert_identifier": "rds-ca-rsa2048-g1",
            "character_set_name": "",
            "copy_tags_to_snapshot": false,
            "custom_iam_instance_profile": "",
            "customer_owned_ip_enabled": false,
            "database_insights_mode": "standard",
            "db_name": "smarthome",
            "db_subnet_group_name": "smarthome-dev-db-subnet",
            "dedicated_log_volume": false,
            "delete_automated_backups": true,
            "deletion_protection": false,
            "domain": "",
            "domain_auth_secret_arn": "",
            "domain_dns_ips": null,
            "domain_fqdn": "",
            "domain_iam_role_name": "",
            "domain_ou": "",
            "enabled_cloudwatch_logs_exports": null,
            "endpoint": "smarthome-dev-postgres.cm3884c4mkoz.us-east-1.rds.amazonaws.com:5432",
            "engine": "postgres",
            "engine_lifecycle_support": "open-source-rds-extended-support",
            "engine_version": "15",
            "engine_version_actual": "15.17",
            "final_snapshot_identifier": null,
            "hosted_zone_id": "Z2R2ITUGPM61AM",
            "iam_database_authentication_enabled": false,
            "id": "db-4MZUD47734TBMKXHIM6JGBMDSI",
            "identifier": "smarthome-dev-postgres",
            "identifier_prefix": "",
            "instance_class": "db.t3.micro",
            "iops": 0,
            "kms_key_id": "",
            "latest_restorable_time": "2026-05-01T20:16:20Z",
            "license_model": "postgresql-license",
            "listener_endpoint": [],
            "maintenance_window": "mon:04:00-mon:05:00",
            "manage_master_user_password": null,
            "master_user_secret": [],
            "master_user_secret_kms_key_id": null,
            "max_allocated_storage": 0,
            "monitoring_interval": 0,
            "monitoring_role_arn": "",
            "multi_az": false,
            "nchar_character_set_name": "",
            "network_type": "IPV4",
            "option_group_name": "default:postgres-15",
            "parameter_group_name": "default.postgres15",
            "password": "fourcast",
            "password_wo": null,
            "password_wo_version": null,
            "performance_insights_enabled": false,
            "performance_insights_kms_key_id": "",
            "performance_insights_retention_period": 0,
            "port": 5432,
            "publicly_accessible": false,
            "replica_mode": "",
            "replicas": [],
            "replicate_source_db": "",
            "resource_id": "db-4MZUD47734TBMKXHIM6JGBMDSI",
            "restore_to_point_in_time": [],
            "s3_import": [],
            "skip_final_snapshot": true,
            "snapshot_identifier": null,
            "status": "available",
            "storage_encrypted": false,
            "storage_throughput": 0,
            "storage_type": "gp2",
            "tags": {
              "Environment": "dev",
              "Project": "SmartHomePlatform",
              "Team": "CloudComputingClass"
            },
            "tags_all": {
              "Course": "CloudComputing",
              "Environment": "dev",
              "ManagedBy": "Terraform",
              "Project": "SmartHomePlatform",
              "Team": "CloudComputingClass"
            },
            "timeouts": null,
            "timezone": "",
            "upgrade_storage_config": null,
            "username": "smarthome_admin",
            "vpc_security_group_ids": [
              "sg-018dba8119cf2b873"
            ]
          },
          "sensitive_attributes": [
            [
              {
                "type": "get_attr",
                "value": "password"
              }
            ],
            [
              {
                "type": "get_attr",
                "value": "password_wo"
              }
            ],
            [
              {
                "type": "get_attr",
                "value": "username"
              }
            ]
          ],
          "identity_schema_version": 0,
          "private": "eyJlMmJmYjczMC1lY2FhLTExZTYtOGY4OC0zNDM2M2JjN2M0YzAiOnsiY3JlYXRlIjozMDAwMDAwMDAwMDAwLCJkZWxldGUiOjM2MDAwMDAwMDAwMDAsInVwZGF0ZSI6NDgwMDAwMDAwMDAwMH0sInNjaGVtYV92ZXJzaW9uIjoiMiJ9",
          "dependencies": [
            "module.database.aws_db_subnet_group.main",
            "module.database.aws_security_group.database",
            "module.ecs.aws_security_group.alb",
            "module.ecs.aws_security_group.ecs_tasks",
            "module.networking.aws_subnet.private",
            "module.networking.aws_vpc.main",
            "module.networking.data.aws_availability_zones.available"
          ]
        }
      ]
    },
    {
      "module": "module.database",
      "mode": "managed",
      "type": "aws_db_subnet_group",
      "name": "main",
      "provider": "provider[\"registry.terraform.io/hashicorp/aws\"]",
      "instances": [
        {
          "schema_version": 0,
          "attributes": {
            "arn": "arn:aws:rds:us-east-1:023487919036:subgrp:smarthome-dev-db-subnet",
            "description": "Managed by Terraform",
            "id": "smarthome-dev-db-subnet",
            "name": "smarthome-dev-db-subnet",
            "name_prefix": "",
            "subnet_ids": [
              "subnet-05681b4e4a3e040f8",
              "subnet-0ef7ec56ffcf5eb0c"
            ],
            "supported_network_types": [
              "IPV4"
            ],
            "tags": {
              "Environment": "dev",
              "Name": "smarthome-dev-db-subnet",
              "Project": "SmartHomePlatform",
              "Team": "CloudComputingClass"
            },
            "tags_all": {
              "Course": "CloudComputing",
              "Environment": "dev",
              "ManagedBy": "Terraform",
              "Name": "smarthome-dev-db-subnet",
              "Project": "SmartHomePlatform",
              "Team": "CloudComputingClass"
            },
            "vpc_id": "vpc-0761dcfd6e80ae53c"
          },
          "sensitive_attributes": [],
          "identity_schema_version": 0,
          "private": "bnVsbA==",
          "dependencies": [
            "module.networking.aws_subnet.private",
            "module.networking.aws_vpc.main",
            "module.networking.data.aws_availability_zones.available"
          ]
        }
      ]
    },
    {
      "module": "module.database",
      "mode": "managed",
      "type": "aws_security_group",
      "name": "database",
      "provider": "provider[\"registry.terraform.io/hashicorp/aws\"]",
      "instances": [
        {
          "schema_version": 1,
          "attributes": {
            "arn": "arn:aws:ec2:us-east-1:023487919036:security-group/sg-018dba8119cf2b873",
            "description": "Security group for RDS",
            "egress": [
              {
                "cidr_blocks": [
                  "0.0.0.0/0"
                ],
                "description": "",
                "from_port": 0,
                "ipv6_cidr_blocks": [],
                "prefix_list_ids": [],
                "protocol": "-1",
                "security_groups": [],
                "self": false,
                "to_port": 0
              }
            ],
            "id": "sg-018dba8119cf2b873",
            "ingress": [
              {
                "cidr_blocks": [],
                "description": "",
                "from_port": 5432,
                "ipv6_cidr_blocks": [],
                "prefix_list_ids": [],
                "protocol": "tcp",
                "security_groups": [
                  "sg-0adce5c34e7acacbb"
                ],
                "self": false,
                "to_port": 5432
              }
            ],
            "name": "smarthome-dev-db-sg",
            "name_prefix": "",
            "owner_id": "023487919036",
            "revoke_rules_on_delete": false,
            "tags": {
              "Environment": "dev",
              "Project": "SmartHomePlatform",
              "Team": "CloudComputingClass"
            },
            "tags_all": {
              "Course": "CloudComputing",
              "Environment": "dev",
              "ManagedBy": "Terraform",
              "Project": "SmartHomePlatform",
              "Team": "CloudComputingClass"
            },
            "timeouts": null,
            "vpc_id": "vpc-0761dcfd6e80ae53c"
          },
          "sensitive_attributes": [],
          "identity_schema_version": 0,
          "private": "eyJlMmJmYjczMC1lY2FhLTExZTYtOGY4OC0zNDM2M2JjN2M0YzAiOnsiY3JlYXRlIjo2MDAwMDAwMDAwMDAsImRlbGV0ZSI6OTAwMDAwMDAwMDAwfSwic2NoZW1hX3ZlcnNpb24iOiIxIn0=",
          "dependencies": [
            "module.ecs.aws_security_group.alb",
            "module.ecs.aws_security_group.ecs_tasks",
            "module.networking.aws_vpc.main"
          ]
        }
      ]
    },
    {
      "module": "module.ecs",
      "mode": "data",
      "type": "aws_region",
      "name": "current",
      "provider": "provider[\"registry.terraform.io/hashicorp/aws\"]",
      "instances": [
        {
          "schema_version": 0,
          "attributes": {
            "description": "US East (N. Virginia)",
            "endpoint": "ec2.us-east-1.amazonaws.com",
            "id": "us-east-1",
            "name": "us-east-1"
          },
          "sensitive_attributes": [],
          "identity_schema_version": 0
        }
      ]
    },
    {
      "module": "module.ecs",
      "mode": "managed",
      "type": "aws_cloudwatch_log_group",
      "name": "services",
      "provider": "provider[\"registry.terraform.io/hashicorp/aws\"]",
      "instances": [
        {
          "index_key": "analytics-service",
          "schema_version": 0,
          "attributes": {
            "arn": "arn:aws:logs:us-east-1:023487919036:log-group:/ecs/smarthome-dev-analytics-service",
            "id": "/ecs/smarthome-dev-analytics-service",
            "kms_key_id": "",
            "log_group_class": "STANDARD",
            "name": "/ecs/smarthome-dev-analytics-service",
            "name_prefix": "",
            "retention_in_days": 7,
            "skip_destroy": false,
            "tags": {
              "Environment": "dev",
              "Project": "SmartHomePlatform",
              "Team": "CloudComputingClass"
            },
            "tags_all": {
              "Course": "CloudComputing",
              "Environment": "dev",
              "ManagedBy": "Terraform",
              "Project": "SmartHomePlatform",
              "Team": "CloudComputingClass"
            }
          },
          "sensitive_attributes": [],
          "identity_schema_version": 0,
          "private": "bnVsbA=="
        },
        {
          "index_key": "automation-service",
          "schema_version": 0,
          "attributes": {
            "arn": "arn:aws:logs:us-east-1:023487919036:log-group:/ecs/smarthome-dev-automation-service",
            "id": "/ecs/smarthome-dev-automation-service",
            "kms_key_id": "",
            "log_group_class": "STANDARD",
            "name": "/ecs/smarthome-dev-automation-service",
            "name_prefix": "",
            "retention_in_days": 7,
            "skip_destroy": false,
            "tags": {
              "Environment": "dev",
              "Project": "SmartHomePlatform",
              "Team": "CloudComputingClass"
            },
            "tags_all": {
              "Course": "CloudComputing",
              "Environment": "dev",
              "ManagedBy": "Terraform",
              "Project": "SmartHomePlatform",
              "Team": "CloudComputingClass"
            }
          },
          "sensitive_attributes": [],
          "identity_schema_version": 0,
          "private": "bnVsbA=="
        },
        {
          "index_key": "device-service",
          "schema_version": 0,
          "attributes": {
            "arn": "arn:aws:logs:us-east-1:023487919036:log-group:/ecs/smarthome-dev-device-service",
            "id": "/ecs/smarthome-dev-device-service",
            "kms_key_id": "",
            "log_group_class": "STANDARD",
            "name": "/ecs/smarthome-dev-device-service",
            "name_prefix": "",
            "retention_in_days": 7,
            "skip_destroy": false,
            "tags": {
              "Environment": "dev",
              "Project": "SmartHomePlatform",
              "Team": "CloudComputingClass"
            },
            "tags_all": {
              "Course": "CloudComputing",
              "Environment": "dev",
              "ManagedBy": "Terraform",
              "Project": "SmartHomePlatform",
              "Team": "CloudComputingClass"
            }
          },
          "sensitive_attributes": [],
          "identity_schema_version": 0,
          "private": "bnVsbA=="
        },
        {
          "index_key": "user-service",
          "schema_version": 0,
          "attributes": {
            "arn": "arn:aws:logs:us-east-1:023487919036:log-group:/ecs/smarthome-dev-user-service",
            "id": "/ecs/smarthome-dev-user-service",
            "kms_key_id": "",
            "log_group_class": "STANDARD",
            "name": "/ecs/smarthome-dev-user-service",
            "name_prefix": "",
            "retention_in_days": 7,
            "skip_destroy": false,
            "tags": {
              "Environment": "dev",
              "Project": "SmartHomePlatform",
              "Team": "CloudComputingClass"
            },
            "tags_all": {
              "Course": "CloudComputing",
              "Environment": "dev",
              "ManagedBy": "Terraform",
              "Project": "SmartHomePlatform",
              "Team": "CloudComputingClass"
            }
          },
          "sensitive_attributes": [],
          "identity_schema_version": 0,
          "private": "bnVsbA=="
        }
      ]
    },
    {
      "module": "module.ecs",
      "mode": "managed",
      "type": "aws_ecr_repository",
      "name": "services",
      "provider": "provider[\"registry.terraform.io/hashicorp/aws\"]",
      "instances": [
        {
          "index_key": "analytics-service",
          "schema_version": 0,
          "attributes": {
            "arn": "arn:aws:ecr:us-east-1:023487919036:repository/smarthome-dev-analytics-service",
            "encryption_configuration": [
              {
                "encryption_type": "AES256",
                "kms_key": ""
              }
            ],
            "force_delete": true,
            "id": "smarthome-dev-analytics-service",
            "image_scanning_configuration": [
              {
                "scan_on_push": true
              }
            ],
            "image_tag_mutability": "MUTABLE",
            "name": "smarthome-dev-analytics-service",
            "registry_id": "023487919036",
            "repository_url": "023487919036.dkr.ecr.us-east-1.amazonaws.com/smarthome-dev-analytics-service",
            "tags": {
              "Environment": "dev",
              "Project": "SmartHomePlatform",
              "Team": "CloudComputingClass"
            },
            "tags_all": {
              "Course": "CloudComputing",
              "Environment": "dev",
              "ManagedBy": "Terraform",
              "Project": "SmartHomePlatform",
              "Team": "CloudComputingClass"
            },
            "timeouts": null
          },
          "sensitive_attributes": [],
          "identity_schema_version": 0,
          "private": "eyJlMmJmYjczMC1lY2FhLTExZTYtOGY4OC0zNDM2M2JjN2M0YzAiOnsiZGVsZXRlIjoxMjAwMDAwMDAwMDAwfX0="
        },
        {
          "index_key": "automation-service",
          "schema_version": 0,
          "attributes": {
            "arn": "arn:aws:ecr:us-east-1:023487919036:repository/smarthome-dev-automation-service",
            "encryption_configuration": [
              {
                "encryption_type": "AES256",
                "kms_key": ""
              }
            ],
            "force_delete": true,
            "id": "smarthome-dev-automation-service",
            "image_scanning_configuration": [
              {
                "scan_on_push": true
              }
            ],
            "image_tag_mutability": "MUTABLE",
            "name": "smarthome-dev-automation-service",
            "registry_id": "023487919036",
            "repository_url": "023487919036.dkr.ecr.us-east-1.amazonaws.com/smarthome-dev-automation-service",
            "tags": {
              "Environment": "dev",
              "Project": "SmartHomePlatform",
              "Team": "CloudComputingClass"
            },
            "tags_all": {
              "Course": "CloudComputing",
              "Environment": "dev",
              "ManagedBy": "Terraform",
              "Project": "SmartHomePlatform",
              "Team": "CloudComputingClass"
            },
            "timeouts": null
          },
          "sensitive_attributes": [],
          "identity_schema_version": 0,
          "private": "eyJlMmJmYjczMC1lY2FhLTExZTYtOGY4OC0zNDM2M2JjN2M0YzAiOnsiZGVsZXRlIjoxMjAwMDAwMDAwMDAwfX0="
        },
        {
          "index_key": "device-service",
          "schema_version": 0,
          "attributes": {
            "arn": "arn:aws:ecr:us-east-1:023487919036:repository/smarthome-dev-device-service",
            "encryption_configuration": [
              {
                "encryption_type": "AES256",
                "kms_key": ""
              }
            ],
            "force_delete": true,
            "id": "smarthome-dev-device-service",
            "image_scanning_configuration": [
              {
                "scan_on_push": true
              }
            ],
            "image_tag_mutability": "MUTABLE",
            "name": "smarthome-dev-device-service",
            "registry_id": "023487919036",
            "repository_url": "023487919036.dkr.ecr.us-east-1.amazonaws.com/smarthome-dev-device-service",
            "tags": {
              "Environment": "dev",
              "Project": "SmartHomePlatform",
              "Team": "CloudComputingClass"
            },
            "tags_all": {
              "Course": "CloudComputing",
              "Environment": "dev",
              "ManagedBy": "Terraform",
              "Project": "SmartHomePlatform",
              "Team": "CloudComputingClass"
            },
            "timeouts": null
          },
          "sensitive_attributes": [],
          "identity_schema_version": 0,
          "private": "eyJlMmJmYjczMC1lY2FhLTExZTYtOGY4OC0zNDM2M2JjN2M0YzAiOnsiZGVsZXRlIjoxMjAwMDAwMDAwMDAwfX0="
        },
        {
          "index_key": "user-service",
          "schema_version": 0,
          "attributes": {
            "arn": "arn:aws:ecr:us-east-1:023487919036:repository/smarthome-dev-user-service",
            "encryption_configuration": [
              {
                "encryption_type": "AES256",
                "kms_key": ""
              }
            ],
            "force_delete": true,
            "id": "smarthome-dev-user-service",
            "image_scanning_configuration": [
              {
                "scan_on_push": true
              }
            ],
            "image_tag_mutability": "MUTABLE",
            "name": "smarthome-dev-user-service",
            "registry_id": "023487919036",
            "repository_url": "023487919036.dkr.ecr.us-east-1.amazonaws.com/smarthome-dev-user-service",
            "tags": {
              "Environment": "dev",
              "Project": "SmartHomePlatform",
              "Team": "CloudComputingClass"
            },
            "tags_all": {
              "Course": "CloudComputing",
              "Environment": "dev",
              "ManagedBy": "Terraform",
              "Project": "SmartHomePlatform",
              "Team": "CloudComputingClass"
            },
            "timeouts": null
          },
          "sensitive_attributes": [],
          "identity_schema_version": 0,
          "private": "eyJlMmJmYjczMC1lY2FhLTExZTYtOGY4OC0zNDM2M2JjN2M0YzAiOnsiZGVsZXRlIjoxMjAwMDAwMDAwMDAwfX0="
        }
      ]
    },
    {
      "module": "module.ecs",
      "mode": "managed",
      "type": "aws_ecs_cluster",
      "name": "main",
      "provider": "provider[\"registry.terraform.io/hashicorp/aws\"]",
      "instances": [
        {
          "schema_version": 0,
          "attributes": {
            "arn": "arn:aws:ecs:us-east-1:023487919036:cluster/smarthome-dev-cluster",
            "configuration": [],
            "id": "arn:aws:ecs:us-east-1:023487919036:cluster/smarthome-dev-cluster",
            "name": "smarthome-dev-cluster",
            "service_connect_defaults": [],
            "setting": [
              {
                "name": "containerInsights",
                "value": "enabled"
              }
            ],
            "tags": {
              "Environment": "dev",
              "Project": "SmartHomePlatform",
              "Team": "CloudComputingClass"
            },
            "tags_all": {
              "Course": "CloudComputing",
              "Environment": "dev",
              "ManagedBy": "Terraform",
              "Project": "SmartHomePlatform",
              "Team": "CloudComputingClass"
            }
          },
          "sensitive_attributes": [],
          "identity_schema_version": 0,
          "private": "bnVsbA=="
        }
      ]
    },
    {
      "module": "module.ecs",
      "mode": "managed",
      "type": "aws_ecs_service",
      "name": "services",
      "provider": "provider[\"registry.terraform.io/hashicorp/aws\"]",
      "instances": [
        {
          "index_key": "analytics-service",
          "schema_version": 1,
          "attributes": {
            "alarms": [],
            "availability_zone_rebalancing": "DISABLED",
            "capacity_provider_strategy": [],
            "cluster": "arn:aws:ecs:us-east-1:023487919036:cluster/smarthome-dev-cluster",
            "deployment_circuit_breaker": [
              {
                "enable": false,
                "rollback": false
              }
            ],
            "deployment_controller": [
              {
                "type": "ECS"
              }
            ],
            "deployment_maximum_percent": 200,
            "deployment_minimum_healthy_percent": 100,
            "desired_count": 1,
            "enable_ecs_managed_tags": false,
            "enable_execute_command": false,
            "force_delete": null,
            "force_new_deployment": null,
            "health_check_grace_period_seconds": 0,
            "iam_role": "/aws-service-role/ecs.amazonaws.com/AWSServiceRoleForECS",
            "id": "arn:aws:ecs:us-east-1:023487919036:service/smarthome-dev-cluster/analytics-service",
            "launch_type": "FARGATE",
            "load_balancer": [
              {
                "container_name": "analytics-service",
                "container_port": 8004,
                "elb_name": "",
                "target_group_arn": "arn:aws:elasticloadbalancing:us-east-1:023487919036:targetgroup/smarthome-dev-analytics-service/646f87df66fdf67b"
              }
            ],
            "name": "analytics-service",
            "network_configuration": [
              {
                "assign_public_ip": false,
                "security_groups": [
                  "sg-0adce5c34e7acacbb"
                ],
                "subnets": [
                  "subnet-05681b4e4a3e040f8",
                  "subnet-0ef7ec56ffcf5eb0c"
                ]
              }
            ],
            "ordered_placement_strategy": [],
            "placement_constraints": [],
            "platform_version": "LATEST",
            "propagate_tags": "NONE",
            "scheduling_strategy": "REPLICA",
            "service_connect_configuration": [],
            "service_registries": [],
            "tags": {
              "Environment": "dev",
              "Project": "SmartHomePlatform",
              "Team": "CloudComputingClass"
            },
            "tags_all": {
              "Course": "CloudComputing",
              "Environment": "dev",
              "ManagedBy": "Terraform",
              "Project": "SmartHomePlatform",
              "Team": "CloudComputingClass"
            },
            "task_definition": "arn:aws:ecs:us-east-1:023487919036:task-definition/smarthome-dev-analytics-service:3",
            "timeouts": null,
            "triggers": {},
            "volume_configuration": [],
            "vpc_lattice_configurations": [],
            "wait_for_steady_state": false
          },
          "sensitive_attributes": [],
          "identity_schema_version": 0,
          "private": "eyJlMmJmYjczMC1lY2FhLTExZTYtOGY4OC0zNDM2M2JjN2M0YzAiOnsiY3JlYXRlIjoxMjAwMDAwMDAwMDAwLCJkZWxldGUiOjEyMDAwMDAwMDAwMDAsInVwZGF0ZSI6MTIwMDAwMDAwMDAwMH0sInNjaGVtYV92ZXJzaW9uIjoiMSJ9",
          "dependencies": [
            "module.database.aws_db_instance.main",
            "module.database.aws_db_subnet_group.main",
            "module.database.aws_security_group.database",
            "module.ecs.aws_ecr_repository.services",
            "module.ecs.aws_ecs_cluster.main",
            "module.ecs.aws_ecs_task_definition.services",
            "module.ecs.aws_iam_role.ecs_execution",
            "module.ecs.aws_iam_role.ecs_task",
            "module.ecs.aws_lb.main",
            "module.ecs.aws_lb_listener.http",
            "module.ecs.aws_lb_target_group.services",
            "module.ecs.aws_security_group.alb",
            "module.ecs.aws_security_group.ecs_tasks",
            "module.ecs.data.aws_region.current",
            "module.iot.aws_sqs_queue.device_events",
            "module.iot.data.aws_iot_endpoint.current",
            "module.networking.aws_subnet.private",
            "module.networking.aws_subnet.public",
            "module.networking.aws_vpc.main",
            "module.networking.data.aws_availability_zones.available"
          ]
        },
        {
          "index_key": "automation-service",
          "schema_version": 1,
          "attributes": {
            "alarms": [],
            "availability_zone_rebalancing": "DISABLED",
            "capacity_provider_strategy": [],
            "cluster": "arn:aws:ecs:us-east-1:023487919036:cluster/smarthome-dev-cluster",
            "deployment_circuit_breaker": [
              {
                "enable": false,
                "rollback": false
              }
            ],
            "deployment_controller": [
              {
                "type": "ECS"
              }
            ],
            "deployment_maximum_percent": 200,
            "deployment_minimum_healthy_percent": 100,
            "desired_count": 1,
            "enable_ecs_managed_tags": false,
            "enable_execute_command": false,
            "force_delete": null,
            "force_new_deployment": null,
            "health_check_grace_period_seconds": 0,
            "iam_role": "/aws-service-role/ecs.amazonaws.com/AWSServiceRoleForECS",
            "id": "arn:aws:ecs:us-east-1:023487919036:service/smarthome-dev-cluster/automation-service",
            "launch_type": "FARGATE",
            "load_balancer": [
              {
                "container_name": "automation-service",
                "container_port": 8002,
                "elb_name": "",
                "target_group_arn": "arn:aws:elasticloadbalancing:us-east-1:023487919036:targetgroup/smarthome-dev-automation-service/28e6f7a302888f79"
              }
            ],
            "name": "automation-service",
            "network_configuration": [
              {
                "assign_public_ip": false,
                "security_groups": [
                  "sg-0adce5c34e7acacbb"
                ],
                "subnets": [
                  "subnet-05681b4e4a3e040f8",
                  "subnet-0ef7ec56ffcf5eb0c"
                ]
              }
            ],
            "ordered_placement_strategy": [],
            "placement_constraints": [],
            "platform_version": "LATEST",
            "propagate_tags": "NONE",
            "scheduling_strategy": "REPLICA",
            "service_connect_configuration": [],
            "service_registries": [],
            "tags": {
              "Environment": "dev",
              "Project": "SmartHomePlatform",
              "Team": "CloudComputingClass"
            },
            "tags_all": {
              "Course": "CloudComputing",
              "Environment": "dev",
              "ManagedBy": "Terraform",
              "Project": "SmartHomePlatform",
              "Team": "CloudComputingClass"
            },
            "task_definition": "arn:aws:ecs:us-east-1:023487919036:task-definition/smarthome-dev-automation-service:3",
            "timeouts": null,
            "triggers": {},
            "volume_configuration": [],
            "vpc_lattice_configurations": [],
            "wait_for_steady_state": false
          },
          "sensitive_attributes": [],
          "identity_schema_version": 0,
          "private": "eyJlMmJmYjczMC1lY2FhLTExZTYtOGY4OC0zNDM2M2JjN2M0YzAiOnsiY3JlYXRlIjoxMjAwMDAwMDAwMDAwLCJkZWxldGUiOjEyMDAwMDAwMDAwMDAsInVwZGF0ZSI6MTIwMDAwMDAwMDAwMH0sInNjaGVtYV92ZXJzaW9uIjoiMSJ9",
          "dependencies": [
            "module.database.aws_db_instance.main",
            "module.database.aws_db_subnet_group.main",
            "module.database.aws_security_group.database",
            "module.ecs.aws_ecr_repository.services",
            "module.ecs.aws_ecs_cluster.main",
            "module.ecs.aws_ecs_task_definition.services",
            "module.ecs.aws_iam_role.ecs_execution",
            "module.ecs.aws_iam_role.ecs_task",
            "module.ecs.aws_lb.main",
            "module.ecs.aws_lb_listener.http",
            "module.ecs.aws_lb_target_group.services",
            "module.ecs.aws_security_group.alb",
            "module.ecs.aws_security_group.ecs_tasks",
            "module.ecs.data.aws_region.current",
            "module.iot.aws_sqs_queue.device_events",
            "module.iot.data.aws_iot_endpoint.current",
            "module.networking.aws_subnet.private",
            "module.networking.aws_subnet.public",
            "module.networking.aws_vpc.main",
            "module.networking.data.aws_availability_zones.available"
          ]
        },
        {
          "index_key": "device-service",
          "schema_version": 1,
          "attributes": {
            "alarms": [],
            "availability_zone_rebalancing": "DISABLED",
            "capacity_provider_strategy": [],
            "cluster": "arn:aws:ecs:us-east-1:023487919036:cluster/smarthome-dev-cluster",
            "deployment_circuit_breaker": [
              {
                "enable": false,
                "rollback": false
              }
            ],
            "deployment_controller": [
              {
                "type": "ECS"
              }
            ],
            "deployment_maximum_percent": 200,
            "deployment_minimum_healthy_percent": 100,
            "desired_count": 1,
            "enable_ecs_managed_tags": false,
            "enable_execute_command": false,
            "force_delete": null,
            "force_new_deployment": null,
            "health_check_grace_period_seconds": 0,
            "iam_role": "/aws-service-role/ecs.amazonaws.com/AWSServiceRoleForECS",
            "id": "arn:aws:ecs:us-east-1:023487919036:service/smarthome-dev-cluster/device-service",
            "launch_type": "FARGATE",
            "load_balancer": [
              {
                "container_name": "device-service",
                "container_port": 8001,
                "elb_name": "",
                "target_group_arn": "arn:aws:elasticloadbalancing:us-east-1:023487919036:targetgroup/smarthome-dev-device-service/8f61d878004f9a69"
              }
            ],
            "name": "device-service",
            "network_configuration": [
              {
                "assign_public_ip": false,
                "security_groups": [
                  "sg-0adce5c34e7acacbb"
                ],
                "subnets": [
                  "subnet-05681b4e4a3e040f8",
                  "subnet-0ef7ec56ffcf5eb0c"
                ]
              }
            ],
            "ordered_placement_strategy": [],
            "placement_constraints": [],
            "platform_version": "LATEST",
            "propagate_tags": "NONE",
            "scheduling_strategy": "REPLICA",
            "service_connect_configuration": [],
            "service_registries": [],
            "tags": {
              "Environment": "dev",
              "Project": "SmartHomePlatform",
              "Team": "CloudComputingClass"
            },
            "tags_all": {
              "Course": "CloudComputing",
              "Environment": "dev",
              "ManagedBy": "Terraform",
              "Project": "SmartHomePlatform",
              "Team": "CloudComputingClass"
            },
            "task_definition": "arn:aws:ecs:us-east-1:023487919036:task-definition/smarthome-dev-device-service:3",
            "timeouts": null,
            "triggers": {},
            "volume_configuration": [],
            "vpc_lattice_configurations": [],
            "wait_for_steady_state": false
          },
          "sensitive_attributes": [],
          "identity_schema_version": 0,
          "private": "eyJlMmJmYjczMC1lY2FhLTExZTYtOGY4OC0zNDM2M2JjN2M0YzAiOnsiY3JlYXRlIjoxMjAwMDAwMDAwMDAwLCJkZWxldGUiOjEyMDAwMDAwMDAwMDAsInVwZGF0ZSI6MTIwMDAwMDAwMDAwMH0sInNjaGVtYV92ZXJzaW9uIjoiMSJ9",
          "dependencies": [
            "module.database.aws_db_instance.main",
            "module.database.aws_db_subnet_group.main",
            "module.database.aws_security_group.database",
            "module.ecs.aws_ecr_repository.services",
            "module.ecs.aws_ecs_cluster.main",
            "module.ecs.aws_ecs_task_definition.services",
            "module.ecs.aws_iam_role.ecs_execution",
            "module.ecs.aws_iam_role.ecs_task",
            "module.ecs.aws_lb.main",
            "module.ecs.aws_lb_listener.http",
            "module.ecs.aws_lb_target_group.services",
            "module.ecs.aws_security_group.alb",
            "module.ecs.aws_security_group.ecs_tasks",
            "module.ecs.data.aws_region.current",
            "module.iot.aws_sqs_queue.device_events",
            "module.iot.data.aws_iot_endpoint.current",
            "module.networking.aws_subnet.private",
            "module.networking.aws_subnet.public",
            "module.networking.aws_vpc.main",
            "module.networking.data.aws_availability_zones.available"
          ]
        },
        {
          "index_key": "user-service",
          "schema_version": 1,
          "attributes": {
            "alarms": [],
            "availability_zone_rebalancing": "DISABLED",
            "capacity_provider_strategy": [],
            "cluster": "arn:aws:ecs:us-east-1:023487919036:cluster/smarthome-dev-cluster",
            "deployment_circuit_breaker": [
              {
                "enable": false,
                "rollback": false
              }
            ],
            "deployment_controller": [
              {
                "type": "ECS"
              }
            ],
            "deployment_maximum_percent": 200,
            "deployment_minimum_healthy_percent": 100,
            "desired_count": 1,
            "enable_ecs_managed_tags": false,
            "enable_execute_command": false,
            "force_delete": null,
            "force_new_deployment": null,
            "health_check_grace_period_seconds": 0,
            "iam_role": "/aws-service-role/ecs.amazonaws.com/AWSServiceRoleForECS",
            "id": "arn:aws:ecs:us-east-1:023487919036:service/smarthome-dev-cluster/user-service",
            "launch_type": "FARGATE",
            "load_balancer": [
              {
                "container_name": "user-service",
                "container_port": 8003,
                "elb_name": "",
                "target_group_arn": "arn:aws:elasticloadbalancing:us-east-1:023487919036:targetgroup/smarthome-dev-user-service/cf217d0254d49405"
              }
            ],
            "name": "user-service",
            "network_configuration": [
              {
                "assign_public_ip": false,
                "security_groups": [
                  "sg-0adce5c34e7acacbb"
                ],
                "subnets": [
                  "subnet-05681b4e4a3e040f8",
                  "subnet-0ef7ec56ffcf5eb0c"
                ]
              }
            ],
            "ordered_placement_strategy": [],
            "placement_constraints": [],
            "platform_version": "LATEST",
            "propagate_tags": "NONE",
            "scheduling_strategy": "REPLICA",
            "service_connect_configuration": [],
            "service_registries": [],
            "tags": {
              "Environment": "dev",
              "Project": "SmartHomePlatform",
              "Team": "CloudComputingClass"
            },
            "tags_all": {
              "Course": "CloudComputing",
              "Environment": "dev",
              "ManagedBy": "Terraform",
              "Project": "SmartHomePlatform",
              "Team": "CloudComputingClass"
            },
            "task_definition": "arn:aws:ecs:us-east-1:023487919036:task-definition/smarthome-dev-user-service:3",
            "timeouts": null,
            "triggers": {},
            "volume_configuration": [],
            "vpc_lattice_configurations": [],
            "wait_for_steady_state": false
          },
          "sensitive_attributes": [],
          "identity_schema_version": 0,
          "private": "eyJlMmJmYjczMC1lY2FhLTExZTYtOGY4OC0zNDM2M2JjN2M0YzAiOnsiY3JlYXRlIjoxMjAwMDAwMDAwMDAwLCJkZWxldGUiOjEyMDAwMDAwMDAwMDAsInVwZGF0ZSI6MTIwMDAwMDAwMDAwMH0sInNjaGVtYV92ZXJzaW9uIjoiMSJ9",
          "dependencies": [
            "module.database.aws_db_instance.main",
            "module.database.aws_db_subnet_group.main",
            "module.database.aws_security_group.database",
            "module.ecs.aws_ecr_repository.services",
            "module.ecs.aws_ecs_cluster.main",
            "module.ecs.aws_ecs_task_definition.services",
            "module.ecs.aws_iam_role.ecs_execution",
            "module.ecs.aws_iam_role.ecs_task",
            "module.ecs.aws_lb.main",
            "module.ecs.aws_lb_listener.http",
            "module.ecs.aws_lb_target_group.services",
            "module.ecs.aws_security_group.alb",
            "module.ecs.aws_security_group.ecs_tasks",
            "module.ecs.data.aws_region.current",
            "module.iot.aws_sqs_queue.device_events",
            "module.iot.data.aws_iot_endpoint.current",
            "module.networking.aws_subnet.private",
            "module.networking.aws_subnet.public",
            "module.networking.aws_vpc.main",
            "module.networking.data.aws_availability_zones.available"
          ]
        }
      ]
    },
    {
      "module": "module.ecs",
      "mode": "managed",
      "type": "aws_ecs_task_definition",
      "name": "services",
      "provider": "provider[\"registry.terraform.io/hashicorp/aws\"]",
      "instances": [
        {
          "index_key": "analytics-service",
          "schema_version": 1,
          "attributes": {
            "arn": "arn:aws:ecs:us-east-1:023487919036:task-definition/smarthome-dev-analytics-service:3",
            "arn_without_revision": "arn:aws:ecs:us-east-1:023487919036:task-definition/smarthome-dev-analytics-service",
            "container_definitions": "[{\"environment\":[{\"name\":\"DATABASE_URL\",\"value\":\"postgresql://smarthome-dev-postgres.cm3884c4mkoz.us-east-1.rds.amazonaws.com:5432/smarthome\"},{\"name\":\"DEVICE_EVENTS_QUEUE\",\"value\":\"https://sqs.us-east-1.amazonaws.com/023487919036/smarthome-dev-device-events\"},{\"name\":\"ENVIRONMENT\",\"value\":\"dev\"},{\"name\":\"IOT_ENDPOINT\",\"value\":\"a1tz6agk3vlgq9-ats.iot.us-east-1.amazonaws.com\"},{\"name\":\"PORT\",\"value\":\"8004\"},{\"name\":\"SERVICE_NAME\",\"value\":\"analytics-service\"}],\"essential\":true,\"image\":\"023487919036.dkr.ecr.us-east-1.amazonaws.com/smarthome-dev-analytics-service:latest\",\"logConfiguration\":{\"logDriver\":\"awslogs\",\"options\":{\"awslogs-group\":\"/ecs/smarthome-dev-analytics-service\",\"awslogs-region\":\"us-east-1\",\"awslogs-stream-prefix\":\"ecs\"}},\"mountPoints\":[],\"name\":\"analytics-service\",\"portMappings\":[{\"containerPort\":8004,\"hostPort\":8004,\"protocol\":\"tcp\"}],\"systemControls\":[],\"volumesFrom\":[]}]",
            "cpu": "256",
            "enable_fault_injection": false,
            "ephemeral_storage": [],
            "execution_role_arn": "arn:aws:iam::023487919036:role/smarthome-dev-ecs-execution",
            "family": "smarthome-dev-analytics-service",
            "id": "smarthome-dev-analytics-service",
            "inference_accelerator": [],
            "ipc_mode": "",
            "memory": "512",
            "network_mode": "awsvpc",
            "pid_mode": "",
            "placement_constraints": [],
            "proxy_configuration": [],
            "requires_compatibilities": [
              "FARGATE"
            ],
            "revision": 3,
            "runtime_platform": [],
            "skip_destroy": false,
            "tags": {
              "Environment": "dev",
              "Project": "SmartHomePlatform",
              "Team": "CloudComputingClass"
            },
            "tags_all": {
              "Course": "CloudComputing",
              "Environment": "dev",
              "ManagedBy": "Terraform",
              "Project": "SmartHomePlatform",
              "Team": "CloudComputingClass"
            },
            "task_role_arn": "arn:aws:iam::023487919036:role/smarthome-dev-ecs-task",
            "track_latest": false,
            "volume": []
          },
          "sensitive_attributes": [],
          "identity_schema_version": 0,
          "private": "eyJzY2hlbWFfdmVyc2lvbiI6IjEifQ==",
          "dependencies": [
            "module.database.aws_db_instance.main",
            "module.database.aws_db_subnet_group.main",
            "module.database.aws_security_group.database",
            "module.ecs.aws_ecr_repository.services",
            "module.ecs.aws_iam_role.ecs_execution",
            "module.ecs.aws_iam_role.ecs_task",
            "module.ecs.aws_security_group.alb",
            "module.ecs.aws_security_group.ecs_tasks",
            "module.ecs.data.aws_region.current",
            "module.iot.aws_sqs_queue.device_events",
            "module.iot.data.aws_iot_endpoint.current",
            "module.networking.aws_subnet.private",
            "module.networking.aws_vpc.main",
            "module.networking.data.aws_availability_zones.available"
          ]
        },
        {
          "index_key": "automation-service",
          "schema_version": 1,
          "attributes": {
            "arn": "arn:aws:ecs:us-east-1:023487919036:task-definition/smarthome-dev-automation-service:3",
            "arn_without_revision": "arn:aws:ecs:us-east-1:023487919036:task-definition/smarthome-dev-automation-service",
            "container_definitions": "[{\"environment\":[{\"name\":\"DATABASE_URL\",\"value\":\"postgresql://smarthome-dev-postgres.cm3884c4mkoz.us-east-1.rds.amazonaws.com:5432/smarthome\"},{\"name\":\"DEVICE_EVENTS_QUEUE\",\"value\":\"https://sqs.us-east-1.amazonaws.com/023487919036/smarthome-dev-device-events\"},{\"name\":\"ENVIRONMENT\",\"value\":\"dev\"},{\"name\":\"IOT_ENDPOINT\",\"value\":\"a1tz6agk3vlgq9-ats.iot.us-east-1.amazonaws.com\"},{\"name\":\"PORT\",\"value\":\"8002\"},{\"name\":\"SERVICE_NAME\",\"value\":\"automation-service\"}],\"essential\":true,\"image\":\"023487919036.dkr.ecr.us-east-1.amazonaws.com/smarthome-dev-automation-service:latest\",\"logConfiguration\":{\"logDriver\":\"awslogs\",\"options\":{\"awslogs-group\":\"/ecs/smarthome-dev-automation-service\",\"awslogs-region\":\"us-east-1\",\"awslogs-stream-prefix\":\"ecs\"}},\"mountPoints\":[],\"name\":\"automation-service\",\"portMappings\":[{\"containerPort\":8002,\"hostPort\":8002,\"protocol\":\"tcp\"}],\"systemControls\":[],\"volumesFrom\":[]}]",
            "cpu": "256",
            "enable_fault_injection": false,
            "ephemeral_storage": [],
            "execution_role_arn": "arn:aws:iam::023487919036:role/smarthome-dev-ecs-execution",
            "family": "smarthome-dev-automation-service",
            "id": "smarthome-dev-automation-service",
            "inference_accelerator": [],
            "ipc_mode": "",
            "memory": "512",
            "network_mode": "awsvpc",
            "pid_mode": "",
            "placement_constraints": [],
            "proxy_configuration": [],
            "requires_compatibilities": [
              "FARGATE"
            ],
            "revision": 3,
            "runtime_platform": [],
            "skip_destroy": false,
            "tags": {
              "Environment": "dev",
              "Project": "SmartHomePlatform",
              "Team": "CloudComputingClass"
            },
            "tags_all": {
              "Course": "CloudComputing",
              "Environment": "dev",
              "ManagedBy": "Terraform",
              "Project": "SmartHomePlatform",
              "Team": "CloudComputingClass"
            },
            "task_role_arn": "arn:aws:iam::023487919036:role/smarthome-dev-ecs-task",
            "track_latest": false,
            "volume": []
          },
          "sensitive_attributes": [],
          "identity_schema_version": 0,
          "private": "eyJzY2hlbWFfdmVyc2lvbiI6IjEifQ==",
          "dependencies": [
            "module.database.aws_db_instance.main",
            "module.database.aws_db_subnet_group.main",
            "module.database.aws_security_group.database",
            "module.ecs.aws_ecr_repository.services",
            "module.ecs.aws_iam_role.ecs_execution",
            "module.ecs.aws_iam_role.ecs_task",
            "module.ecs.aws_security_group.alb",
            "module.ecs.aws_security_group.ecs_tasks",
            "module.ecs.data.aws_region.current",
            "module.iot.aws_sqs_queue.device_events",
            "module.iot.data.aws_iot_endpoint.current",
            "module.networking.aws_subnet.private",
            "module.networking.aws_vpc.main",
            "module.networking.data.aws_availability_zones.available"
          ]
        },
        {
          "index_key": "device-service",
          "schema_version": 1,
          "attributes": {
            "arn": "arn:aws:ecs:us-east-1:023487919036:task-definition/smarthome-dev-device-service:3",
            "arn_without_revision": "arn:aws:ecs:us-east-1:023487919036:task-definition/smarthome-dev-device-service",
            "container_definitions": "[{\"environment\":[{\"name\":\"DATABASE_URL\",\"value\":\"postgresql://smarthome-dev-postgres.cm3884c4mkoz.us-east-1.rds.amazonaws.com:5432/smarthome\"},{\"name\":\"DEVICE_EVENTS_QUEUE\",\"value\":\"https://sqs.us-east-1.amazonaws.com/023487919036/smarthome-dev-device-events\"},{\"name\":\"ENVIRONMENT\",\"value\":\"dev\"},{\"name\":\"IOT_ENDPOINT\",\"value\":\"a1tz6agk3vlgq9-ats.iot.us-east-1.amazonaws.com\"},{\"name\":\"PORT\",\"value\":\"8001\"},{\"name\":\"SERVICE_NAME\",\"value\":\"device-service\"}],\"essential\":true,\"image\":\"023487919036.dkr.ecr.us-east-1.amazonaws.com/smarthome-dev-device-service:latest\",\"logConfiguration\":{\"logDriver\":\"awslogs\",\"options\":{\"awslogs-stream-prefix\":\"ecs\",\"awslogs-group\":\"/ecs/smarthome-dev-device-service\",\"awslogs-region\":\"us-east-1\"}},\"mountPoints\":[],\"name\":\"device-service\",\"portMappings\":[{\"containerPort\":8001,\"hostPort\":8001,\"protocol\":\"tcp\"}],\"systemControls\":[],\"volumesFrom\":[]}]",
            "cpu": "256",
            "enable_fault_injection": false,
            "ephemeral_storage": [],
            "execution_role_arn": "arn:aws:iam::023487919036:role/smarthome-dev-ecs-execution",
            "family": "smarthome-dev-device-service",
            "id": "smarthome-dev-device-service",
            "inference_accelerator": [],
            "ipc_mode": "",
            "memory": "512",
            "network_mode": "awsvpc",
            "pid_mode": "",
            "placement_constraints": [],
            "proxy_configuration": [],
            "requires_compatibilities": [
              "FARGATE"
            ],
            "revision": 3,
            "runtime_platform": [],
            "skip_destroy": false,
            "tags": {
              "Environment": "dev",
              "Project": "SmartHomePlatform",
              "Team": "CloudComputingClass"
            },
            "tags_all": {
              "Course": "CloudComputing",
              "Environment": "dev",
              "ManagedBy": "Terraform",
              "Project": "SmartHomePlatform",
              "Team": "CloudComputingClass"
            },
            "task_role_arn": "arn:aws:iam::023487919036:role/smarthome-dev-ecs-task",
            "track_latest": false,
            "volume": []
          },
          "sensitive_attributes": [],
          "identity_schema_version": 0,
          "private": "eyJzY2hlbWFfdmVyc2lvbiI6IjEifQ==",
          "dependencies": [
            "module.database.aws_db_instance.main",
            "module.database.aws_db_subnet_group.main",
            "module.database.aws_security_group.database",
            "module.ecs.aws_ecr_repository.services",
            "module.ecs.aws_iam_role.ecs_execution",
            "module.ecs.aws_iam_role.ecs_task",
            "module.ecs.aws_security_group.alb",
            "module.ecs.aws_security_group.ecs_tasks",
            "module.ecs.data.aws_region.current",
            "module.iot.aws_sqs_queue.device_events",
            "module.iot.data.aws_iot_endpoint.current",
            "module.networking.aws_subnet.private",
            "module.networking.aws_vpc.main",
            "module.networking.data.aws_availability_zones.available"
          ]
        },
        {
          "index_key": "user-service",
          "schema_version": 1,
          "attributes": {
            "arn": "arn:aws:ecs:us-east-1:023487919036:task-definition/smarthome-dev-user-service:3",
            "arn_without_revision": "arn:aws:ecs:us-east-1:023487919036:task-definition/smarthome-dev-user-service",
            "container_definitions": "[{\"environment\":[{\"name\":\"DATABASE_URL\",\"value\":\"postgresql://smarthome-dev-postgres.cm3884c4mkoz.us-east-1.rds.amazonaws.com:5432/smarthome\"},{\"name\":\"DEVICE_EVENTS_QUEUE\",\"value\":\"https://sqs.us-east-1.amazonaws.com/023487919036/smarthome-dev-device-events\"},{\"name\":\"ENVIRONMENT\",\"value\":\"dev\"},{\"name\":\"IOT_ENDPOINT\",\"value\":\"a1tz6agk3vlgq9-ats.iot.us-east-1.amazonaws.com\"},{\"name\":\"PORT\",\"value\":\"8003\"},{\"name\":\"SERVICE_NAME\",\"value\":\"user-service\"}],\"essential\":true,\"image\":\"023487919036.dkr.ecr.us-east-1.amazonaws.com/smarthome-dev-user-service:latest\",\"logConfiguration\":{\"logDriver\":\"awslogs\",\"options\":{\"awslogs-group\":\"/ecs/smarthome-dev-user-service\",\"awslogs-region\":\"us-east-1\",\"awslogs-stream-prefix\":\"ecs\"}},\"mountPoints\":[],\"name\":\"user-service\",\"portMappings\":[{\"containerPort\":8003,\"hostPort\":8003,\"protocol\":\"tcp\"}],\"systemControls\":[],\"volumesFrom\":[]}]",
            "cpu": "256",
            "enable_fault_injection": false,
            "ephemeral_storage": [],
            "execution_role_arn": "arn:aws:iam::023487919036:role/smarthome-dev-ecs-execution",
            "family": "smarthome-dev-user-service",
            "id": "smarthome-dev-user-service",
            "inference_accelerator": [],
            "ipc_mode": "",
            "memory": "512",
            "network_mode": "awsvpc",
            "pid_mode": "",
            "placement_constraints": [],
            "proxy_configuration": [],
            "requires_compatibilities": [
              "FARGATE"
            ],
            "revision": 3,
            "runtime_platform": [],
            "skip_destroy": false,
            "tags": {
              "Environment": "dev",
              "Project": "SmartHomePlatform",
              "Team": "CloudComputingClass"
            },
            "tags_all": {
              "Course": "CloudComputing",
              "Environment": "dev",
              "ManagedBy": "Terraform",
              "Project": "SmartHomePlatform",
              "Team": "CloudComputingClass"
            },
            "task_role_arn": "arn:aws:iam::023487919036:role/smarthome-dev-ecs-task",
            "track_latest": false,
            "volume": []
          },
          "sensitive_attributes": [],
          "identity_schema_version": 0,
          "private": "eyJzY2hlbWFfdmVyc2lvbiI6IjEifQ==",
          "dependencies": [
            "module.database.aws_db_instance.main",
            "module.database.aws_db_subnet_group.main",
            "module.database.aws_security_group.database",
            "module.ecs.aws_ecr_repository.services",
            "module.ecs.aws_iam_role.ecs_execution",
            "module.ecs.aws_iam_role.ecs_task",
            "module.ecs.aws_security_group.alb",
            "module.ecs.aws_security_group.ecs_tasks",
            "module.ecs.data.aws_region.current",
            "module.iot.aws_sqs_queue.device_events",
            "module.iot.data.aws_iot_endpoint.current",
            "module.networking.aws_subnet.private",
            "module.networking.aws_vpc.main",
            "module.networking.data.aws_availability_zones.available"
          ]
        }
      ]
    },
    {
      "module": "module.ecs",
      "mode": "managed",
      "type": "aws_iam_role",
      "name": "ecs_execution",
      "provider": "provider[\"registry.terraform.io/hashicorp/aws\"]",
      "instances": [
        {
          "schema_version": 0,
          "attributes": {
            "arn": "arn:aws:iam::023487919036:role/smarthome-dev-ecs-execution",
            "assume_role_policy": "{\"Statement\":[{\"Action\":\"sts:AssumeRole\",\"Effect\":\"Allow\",\"Principal\":{\"Service\":\"ecs-tasks.amazonaws.com\"}}],\"Version\":\"2012-10-17\"}",
            "create_date": "2026-05-01T20:08:06Z",
            "description": "",
            "force_detach_policies": false,
            "id": "smarthome-dev-ecs-execution",
            "inline_policy": [],
            "managed_policy_arns": [],
            "max_session_duration": 3600,
            "name": "smarthome-dev-ecs-execution",
            "name_prefix": "",
            "path": "/",
            "permissions_boundary": "",
            "tags": {
              "Environment": "dev",
              "Project": "SmartHomePlatform",
              "Team": "CloudComputingClass"
            },
            "tags_all": {
              "Course": "CloudComputing",
              "Environment": "dev",
              "ManagedBy": "Terraform",
              "Project": "SmartHomePlatform",
              "Team": "CloudComputingClass"
            },
            "unique_id": "AROAQK575GO6E76KDWLB4"
          },
          "sensitive_attributes": [],
          "identity_schema_version": 0,
          "private": "bnVsbA=="
        }
      ]
    },
    {
      "module": "module.ecs",
      "mode": "managed",
      "type": "aws_iam_role",
      "name": "ecs_task",
      "provider": "provider[\"registry.terraform.io/hashicorp/aws\"]",
      "instances": [
        {
          "schema_version": 0,
          "attributes": {
            "arn": "arn:aws:iam::023487919036:role/smarthome-dev-ecs-task",
            "assume_role_policy": "{\"Statement\":[{\"Action\":\"sts:AssumeRole\",\"Effect\":\"Allow\",\"Principal\":{\"Service\":\"ecs-tasks.amazonaws.com\"}}],\"Version\":\"2012-10-17\"}",
            "create_date": "2026-05-01T20:08:05Z",
            "description": "",
            "force_detach_policies": false,
            "id": "smarthome-dev-ecs-task",
            "inline_policy": [],
            "managed_policy_arns": [],
            "max_session_duration": 3600,
            "name": "smarthome-dev-ecs-task",
            "name_prefix": "",
            "path": "/",
            "permissions_boundary": "",
            "tags": {
              "Environment": "dev",
              "Project": "SmartHomePlatform",
              "Team": "CloudComputingClass"
            },
            "tags_all": {
              "Course": "CloudComputing",
              "Environment": "dev",
              "ManagedBy": "Terraform",
              "Project": "SmartHomePlatform",
              "Team": "CloudComputingClass"
            },
            "unique_id": "AROAQK575GO6E2HZ6KHFG"
          },
          "sensitive_attributes": [],
          "identity_schema_version": 0,
          "private": "bnVsbA=="
        }
      ]
    },
    {
      "module": "module.ecs",
      "mode": "managed",
      "type": "aws_iam_role_policy",
      "name": "ecs_task",
      "provider": "provider[\"registry.terraform.io/hashicorp/aws\"]",
      "instances": [
        {
          "schema_version": 0,
          "attributes": {
            "id": "smarthome-dev-ecs-task:smarthome-dev-ecs-task-policy",
            "name": "smarthome-dev-ecs-task-policy",
            "name_prefix": "",
            "policy": "{\"Version\":\"2012-10-17\",\"Statement\":[{\"Action\":[\"sqs:SendMessage\",\"sqs:ReceiveMessage\",\"sqs:DeleteMessage\",\"sqs:GetQueueAttributes\"],\"Effect\":\"Allow\",\"Resource\":[\"*\"]},{\"Action\":[\"iot-data:Publish\",\"iot-data:GetThingShadow\",\"iot-data:UpdateThingShadow\"],\"Effect\":\"Allow\",\"Resource\":[\"*\"]},{\"Action\":[\"timestream:WriteRecords\",\"timestream:DescribeEndpoints\",\"timestream:Select\"],\"Effect\":\"Allow\",\"Resource\":[\"*\"]}]}",
            "role": "smarthome-dev-ecs-task"
          },
          "sensitive_attributes": [],
          "identity_schema_version": 0,
          "private": "bnVsbA==",
          "dependencies": [
            "module.ecs.aws_iam_role.ecs_task"
          ]
        }
      ]
    },
    {
      "module": "module.ecs",
      "mode": "managed",
      "type": "aws_iam_role_policy_attachment",
      "name": "ecs_execution",
      "provider": "provider[\"registry.terraform.io/hashicorp/aws\"]",
      "instances": [
        {
          "schema_version": 0,
          "attributes": {
            "id": "smarthome-dev-ecs-execution-20260501200807682200000003",
            "policy_arn": "arn:aws:iam::aws:policy/service-role/AmazonECSTaskExecutionRolePolicy",
            "role": "smarthome-dev-ecs-execution"
          },
          "sensitive_attributes": [],
          "identity_schema_version": 0,
          "private": "bnVsbA==",
          "dependencies": [
            "module.ecs.aws_iam_role.ecs_execution"
          ]
        }
      ]
    },
    {
      "module": "module.ecs",
      "mode": "managed",
      "type": "aws_lb",
      "name": "main",
      "provider": "provider[\"registry.terraform.io/hashicorp/aws\"]",
      "instances": [
        {
          "schema_version": 0,
          "attributes": {
            "access_logs": [
              {
                "bucket": "",
                "enabled": false,
                "prefix": ""
              }
            ],
            "arn": "arn:aws:elasticloadbalancing:us-east-1:023487919036:loadbalancer/app/smarthome-dev-alb/abceed9a38dd4d92",
            "arn_suffix": "app/smarthome-dev-alb/abceed9a38dd4d92",
            "client_keep_alive": 3600,
            "connection_logs": [
              {
                "bucket": "",
                "enabled": false,
                "prefix": ""
              }
            ],
            "customer_owned_ipv4_pool": "",
            "desync_mitigation_mode": "defensive",
            "dns_name": "smarthome-dev-alb-227170329.us-east-1.elb.amazonaws.com",
            "dns_record_client_routing_policy": null,
            "drop_invalid_header_fields": false,
            "enable_cross_zone_load_balancing": true,
            "enable_deletion_protection": false,
            "enable_http2": true,
            "enable_tls_version_and_cipher_suite_headers": false,
            "enable_waf_fail_open": false,
            "enable_xff_client_port": false,
            "enable_zonal_shift": false,
            "enforce_security_group_inbound_rules_on_private_link_traffic": "",
            "id": "arn:aws:elasticloadbalancing:us-east-1:023487919036:loadbalancer/app/smarthome-dev-alb/abceed9a38dd4d92",
            "idle_timeout": 60,
            "internal": false,
            "ip_address_type": "ipv4",
            "ipam_pools": [],
            "load_balancer_type": "application",
            "minimum_load_balancer_capacity": [],
            "name": "smarthome-dev-alb",
            "name_prefix": "",
            "preserve_host_header": false,
            "security_groups": [
              "sg-05f304616878b73e1"
            ],
            "subnet_mapping": [
              {
                "allocation_id": "",
                "ipv6_address": "",
                "outpost_id": "",
                "private_ipv4_address": "",
                "subnet_id": "subnet-04fca90574c871d01"
              },
              {
                "allocation_id": "",
                "ipv6_address": "",
                "outpost_id": "",
                "private_ipv4_address": "",
                "subnet_id": "subnet-0c0227cfa3eef3e52"
              }
            ],
            "subnets": [
              "subnet-04fca90574c871d01",
              "subnet-0c0227cfa3eef3e52"
            ],
            "tags": {
              "Environment": "dev",
              "Project": "SmartHomePlatform",
              "Team": "CloudComputingClass"
            },
            "tags_all": {
              "Course": "CloudComputing",
              "Environment": "dev",
              "ManagedBy": "Terraform",
              "Project": "SmartHomePlatform",
              "Team": "CloudComputingClass"
            },
            "timeouts": null,
            "vpc_id": "vpc-0761dcfd6e80ae53c",
            "xff_header_processing_mode": "append",
            "zone_id": "Z35SXDOTRQ7X7K"
          },
          "sensitive_attributes": [],
          "identity_schema_version": 0,
          "private": "eyJlMmJmYjczMC1lY2FhLTExZTYtOGY4OC0zNDM2M2JjN2M0YzAiOnsiY3JlYXRlIjo2MDAwMDAwMDAwMDAsImRlbGV0ZSI6NjAwMDAwMDAwMDAwLCJ1cGRhdGUiOjYwMDAwMDAwMDAwMH19",
          "dependencies": [
            "module.ecs.aws_security_group.alb",
            "module.networking.aws_subnet.public",
            "module.networking.aws_vpc.main",
            "module.networking.data.aws_availability_zones.available"
          ]
        }
      ]
    },
    {
      "module": "module.ecs",
      "mode": "managed",
      "type": "aws_lb_listener",
      "name": "http",
      "provider": "provider[\"registry.terraform.io/hashicorp/aws\"]",
      "instances": [
        {
          "schema_version": 0,
          "attributes": {
            "alpn_policy": null,
            "arn": "arn:aws:elasticloadbalancing:us-east-1:023487919036:listener/app/smarthome-dev-alb/abceed9a38dd4d92/b4f5eae7236cbde6",
            "certificate_arn": null,
            "default_action": [
              {
                "authenticate_cognito": [],
                "authenticate_oidc": [],
                "fixed_response": [
                  {
                    "content_type": "application/json",
                    "message_body": "{\"status\": \"healthy\", \"platform\": \"SmartHome Hub\"}",
                    "status_code": "200"
                  }
                ],
                "forward": [],
                "order": 1,
                "redirect": [],
                "target_group_arn": "",
                "type": "fixed-response"
              }
            ],
            "id": "arn:aws:elasticloadbalancing:us-east-1:023487919036:listener/app/smarthome-dev-alb/abceed9a38dd4d92/b4f5eae7236cbde6",
            "load_balancer_arn": "arn:aws:elasticloadbalancing:us-east-1:023487919036:loadbalancer/app/smarthome-dev-alb/abceed9a38dd4d92",
            "mutual_authentication": [],
            "port": 80,
            "protocol": "HTTP",
            "routing_http_request_x_amzn_mtls_clientcert_header_name": null,
            "routing_http_request_x_amzn_mtls_clientcert_issuer_header_name": null,
            "routing_http_request_x_amzn_mtls_clientcert_leaf_header_name": null,
            "routing_http_request_x_amzn_mtls_clientcert_serial_number_header_name": null,
            "routing_http_request_x_amzn_mtls_clientcert_subject_header_name": null,
            "routing_http_request_x_amzn_mtls_clientcert_validity_header_name": null,
            "routing_http_request_x_amzn_tls_cipher_suite_header_name": null,
            "routing_http_request_x_amzn_tls_version_header_name": null,
            "routing_http_response_access_control_allow_credentials_header_value": "",
            "routing_http_response_access_control_allow_headers_header_value": "",
            "routing_http_response_access_control_allow_methods_header_value": "",
            "routing_http_response_access_control_allow_origin_header_value": "",
            "routing_http_response_access_control_expose_headers_header_value": "",
            "routing_http_response_access_control_max_age_header_value": "",
            "routing_http_response_content_security_policy_header_value": "",
            "routing_http_response_server_enabled": true,
            "routing_http_response_strict_transport_security_header_value": "",
            "routing_http_response_x_content_type_options_header_value": "",
            "routing_http_response_x_frame_options_header_value": "",
            "ssl_policy": "",
            "tags": null,
            "tags_all": {
              "Course": "CloudComputing",
              "Environment": "dev",
              "ManagedBy": "Terraform",
              "Project": "SmartHomePlatform"
            },
            "tcp_idle_timeout_seconds": null,
            "timeouts": null
          },
          "sensitive_attributes": [],
          "identity_schema_version": 0,
          "private": "eyJlMmJmYjczMC1lY2FhLTExZTYtOGY4OC0zNDM2M2JjN2M0YzAiOnsiY3JlYXRlIjozMDAwMDAwMDAwMDAsInVwZGF0ZSI6MzAwMDAwMDAwMDAwfX0=",
          "dependencies": [
            "module.ecs.aws_lb.main",
            "module.ecs.aws_security_group.alb",
            "module.networking.aws_subnet.public",
            "module.networking.aws_vpc.main",
            "module.networking.data.aws_availability_zones.available"
          ]
        }
      ]
    },
    {
      "module": "module.ecs",
      "mode": "managed",
      "type": "aws_lb_listener_rule",
      "name": "services",
      "provider": "provider[\"registry.terraform.io/hashicorp/aws\"]",
      "instances": [
        {
          "index_key": "analytics-service",
          "schema_version": 0,
          "attributes": {
            "action": [
              {
                "authenticate_cognito": [],
                "authenticate_oidc": [],
                "fixed_response": [],
                "forward": [],
                "order": 1,
                "redirect": [],
                "target_group_arn": "arn:aws:elasticloadbalancing:us-east-1:023487919036:targetgroup/smarthome-dev-analytics-service/646f87df66fdf67b",
                "type": "forward"
              }
            ],
            "arn": "arn:aws:elasticloadbalancing:us-east-1:023487919036:listener-rule/app/smarthome-dev-alb/abceed9a38dd4d92/b4f5eae7236cbde6/cb9e2f5ab9ea70c4",
            "condition": [
              {
                "host_header": [],
                "http_header": [],
                "http_request_method": [],
                "path_pattern": [
                  {
                    "values": [
                      "/api/v1/analytics",
                      "/api/v1/analytics/*"
                    ]
                  }
                ],
                "query_string": [],
                "source_ip": []
              }
            ],
            "id": "arn:aws:elasticloadbalancing:us-east-1:023487919036:listener-rule/app/smarthome-dev-alb/abceed9a38dd4d92/b4f5eae7236cbde6/cb9e2f5ab9ea70c4",
            "listener_arn": "arn:aws:elasticloadbalancing:us-east-1:023487919036:listener/app/smarthome-dev-alb/abceed9a38dd4d92/b4f5eae7236cbde6",
            "priority": 100,
            "tags": null,
            "tags_all": {
              "Course": "CloudComputing",
              "Environment": "dev",
              "ManagedBy": "Terraform",
              "Project": "SmartHomePlatform"
            }
          },
          "sensitive_attributes": [],
          "identity_schema_version": 0,
          "private": "bnVsbA==",
          "dependencies": [
            "module.ecs.aws_lb.main",
            "module.ecs.aws_lb_listener.http",
            "module.ecs.aws_lb_target_group.services",
            "module.ecs.aws_security_group.alb",
            "module.networking.aws_subnet.public",
            "module.networking.aws_vpc.main",
            "module.networking.data.aws_availability_zones.available"
          ]
        },
        {
          "index_key": "automation-service",
          "schema_version": 0,
          "attributes": {
            "action": [
              {
                "authenticate_cognito": [],
                "authenticate_oidc": [],
                "fixed_response": [],
                "forward": [],
                "order": 1,
                "redirect": [],
                "target_group_arn": "arn:aws:elasticloadbalancing:us-east-1:023487919036:targetgroup/smarthome-dev-automation-service/28e6f7a302888f79",
                "type": "forward"
              }
            ],
            "arn": "arn:aws:elasticloadbalancing:us-east-1:023487919036:listener-rule/app/smarthome-dev-alb/abceed9a38dd4d92/b4f5eae7236cbde6/3bcc01a08aa0167b",
            "condition": [
              {
                "host_header": [],
                "http_header": [],
                "http_request_method": [],
                "path_pattern": [
                  {
                    "values": [
                      "/api/v1/automation",
                      "/api/v1/automation/*"
                    ]
                  }
                ],
                "query_string": [],
                "source_ip": []
              }
            ],
            "id": "arn:aws:elasticloadbalancing:us-east-1:023487919036:listener-rule/app/smarthome-dev-alb/abceed9a38dd4d92/b4f5eae7236cbde6/3bcc01a08aa0167b",
            "listener_arn": "arn:aws:elasticloadbalancing:us-east-1:023487919036:listener/app/smarthome-dev-alb/abceed9a38dd4d92/b4f5eae7236cbde6",
            "priority": 101,
            "tags": null,
            "tags_all": {
              "Course": "CloudComputing",
              "Environment": "dev",
              "ManagedBy": "Terraform",
              "Project": "SmartHomePlatform"
            }
          },
          "sensitive_attributes": [],
          "identity_schema_version": 0,
          "private": "bnVsbA==",
          "dependencies": [
            "module.ecs.aws_lb.main",
            "module.ecs.aws_lb_listener.http",
            "module.ecs.aws_lb_target_group.services",
            "module.ecs.aws_security_group.alb",
            "module.networking.aws_subnet.public",
            "module.networking.aws_vpc.main",
            "module.networking.data.aws_availability_zones.available"
          ]
        },
        {
          "index_key": "device-service",
          "schema_version": 0,
          "attributes": {
            "action": [
              {
                "authenticate_cognito": [],
                "authenticate_oidc": [],
                "fixed_response": [],
                "forward": [],
                "order": 1,
                "redirect": [],
                "target_group_arn": "arn:aws:elasticloadbalancing:us-east-1:023487919036:targetgroup/smarthome-dev-device-service/8f61d878004f9a69",
                "type": "forward"
              }
            ],
            "arn": "arn:aws:elasticloadbalancing:us-east-1:023487919036:listener-rule/app/smarthome-dev-alb/abceed9a38dd4d92/b4f5eae7236cbde6/af2466dd6261b558",
            "condition": [
              {
                "host_header": [],
                "http_header": [],
                "http_request_method": [],
                "path_pattern": [
                  {
                    "values": [
                      "/api/v1/device",
                      "/api/v1/device/*"
                    ]
                  }
                ],
                "query_string": [],
                "source_ip": []
              }
            ],
            "id": "arn:aws:elasticloadbalancing:us-east-1:023487919036:listener-rule/app/smarthome-dev-alb/abceed9a38dd4d92/b4f5eae7236cbde6/af2466dd6261b558",
            "listener_arn": "arn:aws:elasticloadbalancing:us-east-1:023487919036:listener/app/smarthome-dev-alb/abceed9a38dd4d92/b4f5eae7236cbde6",
            "priority": 102,
            "tags": null,
            "tags_all": {
              "Course": "CloudComputing",
              "Environment": "dev",
              "ManagedBy": "Terraform",
              "Project": "SmartHomePlatform"
            }
          },
          "sensitive_attributes": [],
          "identity_schema_version": 0,
          "private": "bnVsbA==",
          "dependencies": [
            "module.ecs.aws_lb.main",
            "module.ecs.aws_lb_listener.http",
            "module.ecs.aws_lb_target_group.services",
            "module.ecs.aws_security_group.alb",
            "module.networking.aws_subnet.public",
            "module.networking.aws_vpc.main",
            "module.networking.data.aws_availability_zones.available"
          ]
        },
        {
          "index_key": "user-service",
          "schema_version": 0,
          "attributes": {
            "action": [
              {
                "authenticate_cognito": [],
                "authenticate_oidc": [],
                "fixed_response": [],
                "forward": [],
                "order": 1,
                "redirect": [],
                "target_group_arn": "arn:aws:elasticloadbalancing:us-east-1:023487919036:targetgroup/smarthome-dev-user-service/cf217d0254d49405",
                "type": "forward"
              }
            ],
            "arn": "arn:aws:elasticloadbalancing:us-east-1:023487919036:listener-rule/app/smarthome-dev-alb/abceed9a38dd4d92/b4f5eae7236cbde6/c73fadf981872a08",
            "condition": [
              {
                "host_header": [],
                "http_header": [],
                "http_request_method": [],
                "path_pattern": [
                  {
                    "values": [
                      "/api/v1/user",
                      "/api/v1/user/*"
                    ]
                  }
                ],
                "query_string": [],
                "source_ip": []
              }
            ],
            "id": "arn:aws:elasticloadbalancing:us-east-1:023487919036:listener-rule/app/smarthome-dev-alb/abceed9a38dd4d92/b4f5eae7236cbde6/c73fadf981872a08",
            "listener_arn": "arn:aws:elasticloadbalancing:us-east-1:023487919036:listener/app/smarthome-dev-alb/abceed9a38dd4d92/b4f5eae7236cbde6",
            "priority": 103,
            "tags": null,
            "tags_all": {
              "Course": "CloudComputing",
              "Environment": "dev",
              "ManagedBy": "Terraform",
              "Project": "SmartHomePlatform"
            }
          },
          "sensitive_attributes": [],
          "identity_schema_version": 0,
          "private": "bnVsbA==",
          "dependencies": [
            "module.ecs.aws_lb.main",
            "module.ecs.aws_lb_listener.http",
            "module.ecs.aws_lb_target_group.services",
            "module.ecs.aws_security_group.alb",
            "module.networking.aws_subnet.public",
            "module.networking.aws_vpc.main",
            "module.networking.data.aws_availability_zones.available"
          ]
        }
      ]
    },
    {
      "module": "module.ecs",
      "mode": "managed",
      "type": "aws_lb_target_group",
      "name": "services",
      "provider": "provider[\"registry.terraform.io/hashicorp/aws\"]",
      "instances": [
        {
          "index_key": "analytics-service",
          "schema_version": 0,
          "attributes": {
            "arn": "arn:aws:elasticloadbalancing:us-east-1:023487919036:targetgroup/smarthome-dev-analytics-service/646f87df66fdf67b",
            "arn_suffix": "targetgroup/smarthome-dev-analytics-service/646f87df66fdf67b",
            "connection_termination": null,
            "deregistration_delay": "300",
            "health_check": [
              {
                "enabled": true,
                "healthy_threshold": 2,
                "interval": 30,
                "matcher": "200",
                "path": "/health",
                "port": "traffic-port",
                "protocol": "HTTP",
                "timeout": 5,
                "unhealthy_threshold": 3
              }
            ],
            "id": "arn:aws:elasticloadbalancing:us-east-1:023487919036:targetgroup/smarthome-dev-analytics-service/646f87df66fdf67b",
            "ip_address_type": "ipv4",
            "lambda_multi_value_headers_enabled": false,
            "load_balancer_arns": [],
            "load_balancing_algorithm_type": "round_robin",
            "load_balancing_anomaly_mitigation": "off",
            "load_balancing_cross_zone_enabled": "use_load_balancer_configuration",
            "name": "smarthome-dev-analytics-service",
            "name_prefix": "",
            "port": 8004,
            "preserve_client_ip": null,
            "protocol": "HTTP",
            "protocol_version": "HTTP1",
            "proxy_protocol_v2": false,
            "slow_start": 0,
            "stickiness": [
              {
                "cookie_duration": 86400,
                "cookie_name": "",
                "enabled": false,
                "type": "lb_cookie"
              }
            ],
            "tags": {
              "Environment": "dev",
              "Project": "SmartHomePlatform",
              "Team": "CloudComputingClass"
            },
            "tags_all": {
              "Course": "CloudComputing",
              "Environment": "dev",
              "ManagedBy": "Terraform",
              "Project": "SmartHomePlatform",
              "Team": "CloudComputingClass"
            },
            "target_failover": [
              {
                "on_deregistration": null,
                "on_unhealthy": null
              }
            ],
            "target_group_health": [
              {
                "dns_failover": [
                  {
                    "minimum_healthy_targets_count": "1",
                    "minimum_healthy_targets_percentage": "off"
                  }
                ],
                "unhealthy_state_routing": [
                  {
                    "minimum_healthy_targets_count": 1,
                    "minimum_healthy_targets_percentage": "off"
                  }
                ]
              }
            ],
            "target_health_state": [
              {
                "enable_unhealthy_connection_termination": null,
                "unhealthy_draining_interval": null
              }
            ],
            "target_type": "ip",
            "vpc_id": "vpc-0761dcfd6e80ae53c"
          },
          "sensitive_attributes": [],
          "identity_schema_version": 0,
          "private": "bnVsbA==",
          "dependencies": [
            "module.networking.aws_vpc.main"
          ]
        },
        {
          "index_key": "automation-service",
          "schema_version": 0,
          "attributes": {
            "arn": "arn:aws:elasticloadbalancing:us-east-1:023487919036:targetgroup/smarthome-dev-automation-service/28e6f7a302888f79",
            "arn_suffix": "targetgroup/smarthome-dev-automation-service/28e6f7a302888f79",
            "connection_termination": null,
            "deregistration_delay": "300",
            "health_check": [
              {
                "enabled": true,
                "healthy_threshold": 2,
                "interval": 30,
                "matcher": "200",
                "path": "/health",
                "port": "traffic-port",
                "protocol": "HTTP",
                "timeout": 5,
                "unhealthy_threshold": 3
              }
            ],
            "id": "arn:aws:elasticloadbalancing:us-east-1:023487919036:targetgroup/smarthome-dev-automation-service/28e6f7a302888f79",
            "ip_address_type": "ipv4",
            "lambda_multi_value_headers_enabled": false,
            "load_balancer_arns": [],
            "load_balancing_algorithm_type": "round_robin",
            "load_balancing_anomaly_mitigation": "off",
            "load_balancing_cross_zone_enabled": "use_load_balancer_configuration",
            "name": "smarthome-dev-automation-service",
            "name_prefix": "",
            "port": 8002,
            "preserve_client_ip": null,
            "protocol": "HTTP",
            "protocol_version": "HTTP1",
            "proxy_protocol_v2": false,
            "slow_start": 0,
            "stickiness": [
              {
                "cookie_duration": 86400,
                "cookie_name": "",
                "enabled": false,
                "type": "lb_cookie"
              }
            ],
            "tags": {
              "Environment": "dev",
              "Project": "SmartHomePlatform",
              "Team": "CloudComputingClass"
            },
            "tags_all": {
              "Course": "CloudComputing",
              "Environment": "dev",
              "ManagedBy": "Terraform",
              "Project": "SmartHomePlatform",
              "Team": "CloudComputingClass"
            },
            "target_failover": [
              {
                "on_deregistration": null,
                "on_unhealthy": null
              }
            ],
            "target_group_health": [
              {
                "dns_failover": [
                  {
                    "minimum_healthy_targets_count": "1",
                    "minimum_healthy_targets_percentage": "off"
                  }
                ],
                "unhealthy_state_routing": [
                  {
                    "minimum_healthy_targets_count": 1,
                    "minimum_healthy_targets_percentage": "off"
                  }
                ]
              }
            ],
            "target_health_state": [
              {
                "enable_unhealthy_connection_termination": null,
                "unhealthy_draining_interval": null
              }
            ],
            "target_type": "ip",
            "vpc_id": "vpc-0761dcfd6e80ae53c"
          },
          "sensitive_attributes": [],
          "identity_schema_version": 0,
          "private": "bnVsbA==",
          "dependencies": [
            "module.networking.aws_vpc.main"
          ]
        },
        {
          "index_key": "device-service",
          "schema_version": 0,
          "attributes": {
            "arn": "arn:aws:elasticloadbalancing:us-east-1:023487919036:targetgroup/smarthome-dev-device-service/8f61d878004f9a69",
            "arn_suffix": "targetgroup/smarthome-dev-device-service/8f61d878004f9a69",
            "connection_termination": null,
            "deregistration_delay": "300",
            "health_check": [
              {
                "enabled": true,
                "healthy_threshold": 2,
                "interval": 30,
                "matcher": "200",
                "path": "/health",
                "port": "traffic-port",
                "protocol": "HTTP",
                "timeout": 5,
                "unhealthy_threshold": 3
              }
            ],
            "id": "arn:aws:elasticloadbalancing:us-east-1:023487919036:targetgroup/smarthome-dev-device-service/8f61d878004f9a69",
            "ip_address_type": "ipv4",
            "lambda_multi_value_headers_enabled": false,
            "load_balancer_arns": [],
            "load_balancing_algorithm_type": "round_robin",
            "load_balancing_anomaly_mitigation": "off",
            "load_balancing_cross_zone_enabled": "use_load_balancer_configuration",
            "name": "smarthome-dev-device-service",
            "name_prefix": "",
            "port": 8001,
            "preserve_client_ip": null,
            "protocol": "HTTP",
            "protocol_version": "HTTP1",
            "proxy_protocol_v2": false,
            "slow_start": 0,
            "stickiness": [
              {
                "cookie_duration": 86400,
                "cookie_name": "",
                "enabled": false,
                "type": "lb_cookie"
              }
            ],
            "tags": {
              "Environment": "dev",
              "Project": "SmartHomePlatform",
              "Team": "CloudComputingClass"
            },
            "tags_all": {
              "Course": "CloudComputing",
              "Environment": "dev",
              "ManagedBy": "Terraform",
              "Project": "SmartHomePlatform",
              "Team": "CloudComputingClass"
            },
            "target_failover": [
              {
                "on_deregistration": null,
                "on_unhealthy": null
              }
            ],
            "target_group_health": [
              {
                "dns_failover": [
                  {
                    "minimum_healthy_targets_count": "1",
                    "minimum_healthy_targets_percentage": "off"
                  }
                ],
                "unhealthy_state_routing": [
                  {
                    "minimum_healthy_targets_count": 1,
                    "minimum_healthy_targets_percentage": "off"
                  }
                ]
              }
            ],
            "target_health_state": [
              {
                "enable_unhealthy_connection_termination": null,
                "unhealthy_draining_interval": null
              }
            ],
            "target_type": "ip",
            "vpc_id": "vpc-0761dcfd6e80ae53c"
          },
          "sensitive_attributes": [],
          "identity_schema_version": 0,
          "private": "bnVsbA==",
          "dependencies": [
            "module.networking.aws_vpc.main"
          ]
        },
        {
          "index_key": "user-service",
          "schema_version": 0,
          "attributes": {
            "arn": "arn:aws:elasticloadbalancing:us-east-1:023487919036:targetgroup/smarthome-dev-user-service/cf217d0254d49405",
            "arn_suffix": "targetgroup/smarthome-dev-user-service/cf217d0254d49405",
            "connection_termination": null,
            "deregistration_delay": "300",
            "health_check": [
              {
                "enabled": true,
                "healthy_threshold": 2,
                "interval": 30,
                "matcher": "200",
                "path": "/health",
                "port": "traffic-port",
                "protocol": "HTTP",
                "timeout": 5,
                "unhealthy_threshold": 3
              }
            ],
            "id": "arn:aws:elasticloadbalancing:us-east-1:023487919036:targetgroup/smarthome-dev-user-service/cf217d0254d49405",
            "ip_address_type": "ipv4",
            "lambda_multi_value_headers_enabled": false,
            "load_balancer_arns": [],
            "load_balancing_algorithm_type": "round_robin",
            "load_balancing_anomaly_mitigation": "off",
            "load_balancing_cross_zone_enabled": "use_load_balancer_configuration",
            "name": "smarthome-dev-user-service",
            "name_prefix": "",
            "port": 8003,
            "preserve_client_ip": null,
            "protocol": "HTTP",
            "protocol_version": "HTTP1",
            "proxy_protocol_v2": false,
            "slow_start": 0,
            "stickiness": [
              {
                "cookie_duration": 86400,
                "cookie_name": "",
                "enabled": false,
                "type": "lb_cookie"
              }
            ],
            "tags": {
              "Environment": "dev",
              "Project": "SmartHomePlatform",
              "Team": "CloudComputingClass"
            },
            "tags_all": {
              "Course": "CloudComputing",
              "Environment": "dev",
              "ManagedBy": "Terraform",
              "Project": "SmartHomePlatform",
              "Team": "CloudComputingClass"
            },
            "target_failover": [
              {
                "on_deregistration": null,
                "on_unhealthy": null
              }
            ],
            "target_group_health": [
              {
                "dns_failover": [
                  {
                    "minimum_healthy_targets_count": "1",
                    "minimum_healthy_targets_percentage": "off"
                  }
                ],
                "unhealthy_state_routing": [
                  {
                    "minimum_healthy_targets_count": 1,
                    "minimum_healthy_targets_percentage": "off"
                  }
                ]
              }
            ],
            "target_health_state": [
              {
                "enable_unhealthy_connection_termination": null,
                "unhealthy_draining_interval": null
              }
            ],
            "target_type": "ip",
            "vpc_id": "vpc-0761dcfd6e80ae53c"
          },
          "sensitive_attributes": [],
          "identity_schema_version": 0,
          "private": "bnVsbA==",
          "dependencies": [
            "module.networking.aws_vpc.main"
          ]
        }
      ]
    },
    {
      "module": "module.ecs",
      "mode": "managed",
      "type": "aws_security_group",
      "name": "alb",
      "provider": "provider[\"registry.terraform.io/hashicorp/aws\"]",
      "instances": [
        {
          "schema_version": 1,
          "attributes": {
            "arn": "arn:aws:ec2:us-east-1:023487919036:security-group/sg-05f304616878b73e1",
            "description": "Security group for ALB",
            "egress": [
              {
                "cidr_blocks": [
                  "0.0.0.0/0"
                ],
                "description": "",
                "from_port": 0,
                "ipv6_cidr_blocks": [],
                "prefix_list_ids": [],
                "protocol": "-1",
                "security_groups": [],
                "self": false,
                "to_port": 0
              }
            ],
            "id": "sg-05f304616878b73e1",
            "ingress": [
              {
                "cidr_blocks": [
                  "0.0.0.0/0"
                ],
                "description": "",
                "from_port": 443,
                "ipv6_cidr_blocks": [],
                "prefix_list_ids": [],
                "protocol": "tcp",
                "security_groups": [],
                "self": false,
                "to_port": 443
              },
              {
                "cidr_blocks": [
                  "0.0.0.0/0"
                ],
                "description": "",
                "from_port": 80,
                "ipv6_cidr_blocks": [],
                "prefix_list_ids": [],
                "protocol": "tcp",
                "security_groups": [],
                "self": false,
                "to_port": 80
              }
            ],
            "name": "smarthome-dev-alb-sg",
            "name_prefix": "",
            "owner_id": "023487919036",
            "revoke_rules_on_delete": false,
            "tags": {
              "Environment": "dev",
              "Project": "SmartHomePlatform",
              "Team": "CloudComputingClass"
            },
            "tags_all": {
              "Course": "CloudComputing",
              "Environment": "dev",
              "ManagedBy": "Terraform",
              "Project": "SmartHomePlatform",
              "Team": "CloudComputingClass"
            },
            "timeouts": null,
            "vpc_id": "vpc-0761dcfd6e80ae53c"
          },
          "sensitive_attributes": [],
          "identity_schema_version": 0,
          "private": "eyJlMmJmYjczMC1lY2FhLTExZTYtOGY4OC0zNDM2M2JjN2M0YzAiOnsiY3JlYXRlIjo2MDAwMDAwMDAwMDAsImRlbGV0ZSI6OTAwMDAwMDAwMDAwfSwic2NoZW1hX3ZlcnNpb24iOiIxIn0=",
          "dependencies": [
            "module.networking.aws_vpc.main"
          ]
        }
      ]
    },
    {
      "module": "module.ecs",
      "mode": "managed",
      "type": "aws_security_group",
      "name": "ecs_tasks",
      "provider": "provider[\"registry.terraform.io/hashicorp/aws\"]",
      "instances": [
        {
          "schema_version": 1,
          "attributes": {
            "arn": "arn:aws:ec2:us-east-1:023487919036:security-group/sg-0adce5c34e7acacbb",
            "description": "Security group for ECS tasks",
            "egress": [
              {
                "cidr_blocks": [
                  "0.0.0.0/0"
                ],
                "description": "",
                "from_port": 0,
                "ipv6_cidr_blocks": [],
                "prefix_list_ids": [],
                "protocol": "-1",
                "security_groups": [],
                "self": false,
                "to_port": 0
              }
            ],
            "id": "sg-0adce5c34e7acacbb",
            "ingress": [
              {
                "cidr_blocks": [],
                "description": "",
                "from_port": 0,
                "ipv6_cidr_blocks": [],
                "prefix_list_ids": [],
                "protocol": "tcp",
                "security_groups": [
                  "sg-05f304616878b73e1"
                ],
                "self": false,
                "to_port": 65535
              }
            ],
            "name": "smarthome-dev-ecs-tasks-sg",
            "name_prefix": "",
            "owner_id": "023487919036",
            "revoke_rules_on_delete": false,
            "tags": {
              "Environment": "dev",
              "Project": "SmartHomePlatform",
              "Team": "CloudComputingClass"
            },
            "tags_all": {
              "Course": "CloudComputing",
              "Environment": "dev",
              "ManagedBy": "Terraform",
              "Project": "SmartHomePlatform",
              "Team": "CloudComputingClass"
            },
            "timeouts": null,
            "vpc_id": "vpc-0761dcfd6e80ae53c"
          },
          "sensitive_attributes": [],
          "identity_schema_version": 0,
          "private": "eyJlMmJmYjczMC1lY2FhLTExZTYtOGY4OC0zNDM2M2JjN2M0YzAiOnsiY3JlYXRlIjo2MDAwMDAwMDAwMDAsImRlbGV0ZSI6OTAwMDAwMDAwMDAwfSwic2NoZW1hX3ZlcnNpb24iOiIxIn0=",
          "dependencies": [
            "module.ecs.aws_security_group.alb",
            "module.networking.aws_vpc.main"
          ]
        }
      ]
    },
    {
      "module": "module.iot",
      "mode": "data",
      "type": "archive_file",
      "name": "lambda_zip",
      "provider": "provider[\"registry.terraform.io/hashicorp/archive\"]",
      "instances": [
        {
          "schema_version": 0,
          "attributes": {
            "exclude_symlink_directories": null,
            "excludes": null,
            "id": "3ed5447e9afac1a8676bb5758d57bb670c27b438",
            "output_base64sha256": "kkmS5F8isGlDmJwB2P0gEt2M16osdJJjQ5vGnHrn488=",
            "output_base64sha512": "5dt/zpF+jdoml/5GqDbKPGrT4y1euHpXKhydpo7DVWlbJwbsUPWkLifrs+Y28BBUSG9fqayv2dI0Nr09n5QnUw==",
            "output_file_mode": null,
            "output_md5": "84ed0902d77a7f7397fc4c225cfb37a0",
            "output_path": "modules/iot/lambda.zip",
            "output_sha": "3ed5447e9afac1a8676bb5758d57bb670c27b438",
            "output_sha256": "924992e45f22b06943989c01d8fd2012dd8cd7aa2c749263439bc69c7ae7e3cf",
            "output_sha512": "e5db7fce917e8dda2697fe46a836ca3c6ad3e32d5eb87a572a1c9da68ec355695b2706ec50f5a42e27ebb3e636f01054486f5fa9acafd9d23436bd3d9f942753",
            "output_size": 3438,
            "source": [],
            "source_content": null,
            "source_content_filename": null,
            "source_dir": "modules/iot/lambda",
            "source_file": null,
            "type": "zip"
          },
          "sensitive_attributes": [],
          "identity_schema_version": 0
        }
      ]
    },
    {
      "module": "module.iot",
      "mode": "data",
      "type": "aws_caller_identity",
      "name": "current",
      "provider": "provider[\"registry.terraform.io/hashicorp/aws\"]",
      "instances": [
        {
          "schema_version": 0,
          "attributes": {
            "account_id": "023487919036",
            "arn": "arn:aws:iam::023487919036:user/johnjezl",
            "id": "023487919036",
            "user_id": "AIDAQK575GO6CIRPDVIXD"
          },
          "sensitive_attributes": [],
          "identity_schema_version": 0
        }
      ]
    },
    {
      "module": "module.iot",
      "mode": "data",
      "type": "aws_iot_endpoint",
      "name": "current",
      "provider": "provider[\"registry.terraform.io/hashicorp/aws\"]",
      "instances": [
        {
          "schema_version": 0,
          "attributes": {
            "endpoint_address": "a1tz6agk3vlgq9-ats.iot.us-east-1.amazonaws.com",
            "endpoint_type": "iot:Data-ATS",
            "id": "a1tz6agk3vlgq9-ats.iot.us-east-1.amazonaws.com"
          },
          "sensitive_attributes": [],
          "identity_schema_version": 0
        }
      ]
    },
    {
      "module": "module.iot",
      "mode": "data",
      "type": "aws_region",
      "name": "current",
      "provider": "provider[\"registry.terraform.io/hashicorp/aws\"]",
      "instances": [
        {
          "schema_version": 0,
          "attributes": {
            "description": "US East (N. Virginia)",
            "endpoint": "ec2.us-east-1.amazonaws.com",
            "id": "us-east-1",
            "name": "us-east-1"
          },
          "sensitive_attributes": [],
          "identity_schema_version": 0
        }
      ]
    },
    {
      "module": "module.iot",
      "mode": "managed",
      "type": "aws_cloudwatch_event_rule",
      "name": "tuya_poll_schedule",
      "provider": "provider[\"registry.terraform.io/hashicorp/aws\"]",
      "instances": [
        {
          "schema_version": 1,
          "attributes": {
            "arn": "arn:aws:events:us-east-1:023487919036:rule/smarthome-dev-tuya-poll",
            "description": "Poll Tuya devices periodically",
            "event_bus_name": "default",
            "event_pattern": null,
            "force_destroy": false,
            "id": "smarthome-dev-tuya-poll",
            "is_enabled": true,
            "name": "smarthome-dev-tuya-poll",
            "name_prefix": "",
            "role_arn": "",
            "schedule_expression": "rate(1 minute)",
            "state": "ENABLED",
            "tags": {
              "Environment": "dev",
              "Project": "SmartHomePlatform",
              "Team": "CloudComputingClass"
            },
            "tags_all": {
              "Course": "CloudComputing",
              "Environment": "dev",
              "ManagedBy": "Terraform",
              "Project": "SmartHomePlatform",
              "Team": "CloudComputingClass"
            }
          },
          "sensitive_attributes": [],
          "identity_schema_version": 0,
          "private": "eyJzY2hlbWFfdmVyc2lvbiI6IjEifQ=="
        }
      ]
    },
    {
      "module": "module.iot",
      "mode": "managed",
      "type": "aws_cloudwatch_event_target",
      "name": "tuya_poll_target",
      "provider": "provider[\"registry.terraform.io/hashicorp/aws\"]",
      "instances": [
        {
          "schema_version": 1,
          "attributes": {
            "appsync_target": [],
            "arn": "arn:aws:lambda:us-east-1:023487919036:function:smarthome-dev-tuya-poller",
            "batch_target": [],
            "dead_letter_config": [],
            "ecs_target": [],
            "event_bus_name": "default",
            "force_destroy": false,
            "http_target": [],
            "id": "smarthome-dev-tuya-poll-TuyaPoller",
            "input": "",
            "input_path": "",
            "input_transformer": [],
            "kinesis_target": [],
            "redshift_target": [],
            "retry_policy": [],
            "role_arn": "",
            "rule": "smarthome-dev-tuya-poll",
            "run_command_targets": [],
            "sagemaker_pipeline_target": [],
            "sqs_target": [],
            "target_id": "TuyaPoller"
          },
          "sensitive_attributes": [],
          "identity_schema_version": 0,
          "private": "eyJzY2hlbWFfdmVyc2lvbiI6IjEifQ==",
          "dependencies": [
            "module.iot.aws_cloudwatch_event_rule.tuya_poll_schedule",
            "module.iot.aws_iam_role.lambda_role",
            "module.iot.aws_lambda_function.tuya_poller",
            "module.iot.aws_secretsmanager_secret.tuya_credentials",
            "module.iot.data.archive_file.lambda_zip",
            "module.iot.data.aws_iot_endpoint.current"
          ]
        }
      ]
    },
    {
      "module": "module.iot",
      "mode": "managed",
      "type": "aws_cloudwatch_log_group",
      "name": "tuya_command",
      "provider": "provider[\"registry.terraform.io/hashicorp/aws\"]",
      "instances": [
        {
          "schema_version": 0,
          "attributes": {
            "arn": "arn:aws:logs:us-east-1:023487919036:log-group:/aws/lambda/smarthome-dev-tuya-command",
            "id": "/aws/lambda/smarthome-dev-tuya-command",
            "kms_key_id": "",
            "log_group_class": "STANDARD",
            "name": "/aws/lambda/smarthome-dev-tuya-command",
            "name_prefix": "",
            "retention_in_days": 7,
            "skip_destroy": false,
            "tags": {
              "Environment": "dev",
              "Project": "SmartHomePlatform",
              "Team": "CloudComputingClass"
            },
            "tags_all": {
              "Course": "CloudComputing",
              "Environment": "dev",
              "ManagedBy": "Terraform",
              "Project": "SmartHomePlatform",
              "Team": "CloudComputingClass"
            }
          },
          "sensitive_attributes": [],
          "identity_schema_version": 0,
          "private": "bnVsbA==",
          "dependencies": [
            "module.iot.aws_iam_role.lambda_role",
            "module.iot.aws_lambda_function.tuya_command",
            "module.iot.aws_secretsmanager_secret.tuya_credentials",
            "module.iot.data.archive_file.lambda_zip",
            "module.iot.data.aws_iot_endpoint.current"
          ]
        }
      ]
    },
    {
      "module": "module.iot",
      "mode": "managed",
      "type": "aws_cloudwatch_log_group",
      "name": "tuya_poller",
      "provider": "provider[\"registry.terraform.io/hashicorp/aws\"]",
      "instances": [
        {
          "schema_version": 0,
          "attributes": {
            "arn": "arn:aws:logs:us-east-1:023487919036:log-group:/aws/lambda/smarthome-dev-tuya-poller",
            "id": "/aws/lambda/smarthome-dev-tuya-poller",
            "kms_key_id": "",
            "log_group_class": "STANDARD",
            "name": "/aws/lambda/smarthome-dev-tuya-poller",
            "name_prefix": "",
            "retention_in_days": 7,
            "skip_destroy": false,
            "tags": {
              "Environment": "dev",
              "Project": "SmartHomePlatform",
              "Team": "CloudComputingClass"
            },
            "tags_all": {
              "Course": "CloudComputing",
              "Environment": "dev",
              "ManagedBy": "Terraform",
              "Project": "SmartHomePlatform",
              "Team": "CloudComputingClass"
            }
          },
          "sensitive_attributes": [],
          "identity_schema_version": 0,
          "private": "bnVsbA==",
          "dependencies": [
            "module.iot.aws_iam_role.lambda_role",
            "module.iot.aws_lambda_function.tuya_poller",
            "module.iot.aws_secretsmanager_secret.tuya_credentials",
            "module.iot.data.archive_file.lambda_zip",
            "module.iot.data.aws_iot_endpoint.current"
          ]
        }
      ]
    },
    {
      "module": "module.iot",
      "mode": "managed",
      "type": "aws_iam_role",
      "name": "iot_sqs_role",
      "provider": "provider[\"registry.terraform.io/hashicorp/aws\"]",
      "instances": [
        {
          "schema_version": 0,
          "attributes": {
            "arn": "arn:aws:iam::023487919036:role/smarthome-dev-iot-sqs-role",
            "assume_role_policy": "{\"Statement\":[{\"Action\":\"sts:AssumeRole\",\"Effect\":\"Allow\",\"Principal\":{\"Service\":\"iot.amazonaws.com\"}}],\"Version\":\"2012-10-17\"}",
            "create_date": "2026-05-01T20:08:05Z",
            "description": "",
            "force_detach_policies": false,
            "id": "smarthome-dev-iot-sqs-role",
            "inline_policy": [],
            "managed_policy_arns": [],
            "max_session_duration": 3600,
            "name": "smarthome-dev-iot-sqs-role",
            "name_prefix": "",
            "path": "/",
            "permissions_boundary": "",
            "tags": {
              "Environment": "dev",
              "Project": "SmartHomePlatform",
              "Team": "CloudComputingClass"
            },
            "tags_all": {
              "Course": "CloudComputing",
              "Environment": "dev",
              "ManagedBy": "Terraform",
              "Project": "SmartHomePlatform",
              "Team": "CloudComputingClass"
            },
            "unique_id": "AROAQK575GO6B566SKB5Q"
          },
          "sensitive_attributes": [],
          "identity_schema_version": 0,
          "private": "bnVsbA=="
        }
      ]
    },
    {
      "module": "module.iot",
      "mode": "managed",
      "type": "aws_iam_role",
      "name": "lambda_role",
      "provider": "provider[\"registry.terraform.io/hashicorp/aws\"]",
      "instances": [
        {
          "schema_version": 0,
          "attributes": {
            "arn": "arn:aws:iam::023487919036:role/smarthome-dev-lambda-iot-role",
            "assume_role_policy": "{\"Statement\":[{\"Action\":\"sts:AssumeRole\",\"Effect\":\"Allow\",\"Principal\":{\"Service\":\"lambda.amazonaws.com\"}}],\"Version\":\"2012-10-17\"}",
            "create_date": "2026-05-01T20:08:05Z",
            "description": "",
            "force_detach_policies": false,
            "id": "smarthome-dev-lambda-iot-role",
            "inline_policy": [],
            "managed_policy_arns": [],
            "max_session_duration": 3600,
            "name": "smarthome-dev-lambda-iot-role",
            "name_prefix": "",
            "path": "/",
            "permissions_boundary": "",
            "tags": {
              "Environment": "dev",
              "Project": "SmartHomePlatform",
              "Team": "CloudComputingClass"
            },
            "tags_all": {
              "Course": "CloudComputing",
              "Environment": "dev",
              "ManagedBy": "Terraform",
              "Project": "SmartHomePlatform",
              "Team": "CloudComputingClass"
            },
            "unique_id": "AROAQK575GO6JSFO67JOB"
          },
          "sensitive_attributes": [],
          "identity_schema_version": 0,
          "private": "bnVsbA=="
        }
      ]
    },
    {
      "module": "module.iot",
      "mode": "managed",
      "type": "aws_iam_role_policy",
      "name": "iot_sqs_policy",
      "provider": "provider[\"registry.terraform.io/hashicorp/aws\"]",
      "instances": [
        {
          "schema_version": 0,
          "attributes": {
            "id": "smarthome-dev-iot-sqs-role:smarthome-dev-iot-sqs-policy",
            "name": "smarthome-dev-iot-sqs-policy",
            "name_prefix": "",
            "policy": "{\"Version\":\"2012-10-17\",\"Statement\":[{\"Action\":[\"sqs:SendMessage\"],\"Effect\":\"Allow\",\"Resource\":[\"arn:aws:sqs:us-east-1:023487919036:smarthome-dev-device-events\"]}]}",
            "role": "smarthome-dev-iot-sqs-role"
          },
          "sensitive_attributes": [],
          "identity_schema_version": 0,
          "private": "bnVsbA==",
          "dependencies": [
            "module.iot.aws_iam_role.iot_sqs_role",
            "module.iot.aws_sqs_queue.device_events"
          ]
        }
      ]
    },
    {
      "module": "module.iot",
      "mode": "managed",
      "type": "aws_iam_role_policy",
      "name": "lambda_policy",
      "provider": "provider[\"registry.terraform.io/hashicorp/aws\"]",
      "instances": [
        {
          "schema_version": 0,
          "attributes": {
            "id": "smarthome-dev-lambda-iot-role:smarthome-dev-lambda-iot-policy",
            "name": "smarthome-dev-lambda-iot-policy",
            "name_prefix": "",
            "policy": "{\"Version\":\"2012-10-17\",\"Statement\":[{\"Action\":[\"logs:CreateLogGroup\",\"logs:CreateLogStream\",\"logs:PutLogEvents\"],\"Effect\":\"Allow\",\"Resource\":[\"arn:aws:logs:*:*:*\"]},{\"Action\":[\"iot-data:UpdateThingShadow\",\"iot-data:GetThingShadow\",\"iot-data:Publish\"],\"Effect\":\"Allow\",\"Resource\":[\"*\"]},{\"Action\":[\"secretsmanager:GetSecretValue\"],\"Effect\":\"Allow\",\"Resource\":[\"arn:aws:secretsmanager:us-east-1:023487919036:secret:smarthome-dev-tuya-credentials-n89nhV\"]}]}",
            "role": "smarthome-dev-lambda-iot-role"
          },
          "sensitive_attributes": [],
          "identity_schema_version": 0,
          "private": "bnVsbA==",
          "dependencies": [
            "module.iot.aws_iam_role.lambda_role",
            "module.iot.aws_secretsmanager_secret.tuya_credentials"
          ]
        }
      ]
    },
    {
      "module": "module.iot",
      "mode": "managed",
      "type": "aws_iot_policy",
      "name": "device_policy",
      "provider": "provider[\"registry.terraform.io/hashicorp/aws\"]",
      "instances": [
        {
          "schema_version": 0,
          "attributes": {
            "arn": "arn:aws:iot:us-east-1:023487919036:policy/smarthome-dev-device-policy",
            "default_version_id": "1",
            "id": "smarthome-dev-device-policy",
            "name": "smarthome-dev-device-policy",
            "policy": "{\"Statement\":[{\"Action\":[\"iot:Connect\",\"iot:Publish\",\"iot:Subscribe\",\"iot:Receive\"],\"Effect\":\"Allow\",\"Resource\":[\"*\"]},{\"Action\":[\"iot:GetThingShadow\",\"iot:UpdateThingShadow\",\"iot:DeleteThingShadow\"],\"Effect\":\"Allow\",\"Resource\":[\"*\"]}],\"Version\":\"2012-10-17\"}",
            "tags": null,
            "tags_all": {
              "Course": "CloudComputing",
              "Environment": "dev",
              "ManagedBy": "Terraform",
              "Project": "SmartHomePlatform"
            },
            "timeouts": null
          },
          "sensitive_attributes": [],
          "identity_schema_version": 0,
          "private": "eyJlMmJmYjczMC1lY2FhLTExZTYtOGY4OC0zNDM2M2JjN2M0YzAiOnsiZGVsZXRlIjozMDAwMDAwMDAwMDAsInVwZGF0ZSI6NjAwMDAwMDAwMDB9fQ=="
        }
      ]
    },
    {
      "module": "module.iot",
      "mode": "managed",
      "type": "aws_iot_thing_type",
      "name": "smart_bulb",
      "provider": "provider[\"registry.terraform.io/hashicorp/aws\"]",
      "instances": [
        {
          "schema_version": 0,
          "attributes": {
            "arn": "arn:aws:iot:us-east-1:023487919036:thingtype/smarthome-dev-smart-bulb",
            "deprecated": false,
            "id": "smarthome-dev-smart-bulb",
            "name": "smarthome-dev-smart-bulb",
            "properties": [
              {
                "description": "Tuya-based smart bulb bridged via Lambda",
                "searchable_attributes": [
                  "manufacturer",
                  "model",
                  "room"
                ]
              }
            ],
            "tags": {
              "Environment": "dev",
              "Project": "SmartHomePlatform",
              "Team": "CloudComputingClass"
            },
            "tags_all": {
              "Course": "CloudComputing",
              "Environment": "dev",
              "ManagedBy": "Terraform",
              "Project": "SmartHomePlatform",
              "Team": "CloudComputingClass"
            }
          },
          "sensitive_attributes": [],
          "identity_schema_version": 0,
          "private": "bnVsbA=="
        }
      ]
    },
    {
      "module": "module.iot",
      "mode": "managed",
      "type": "aws_iot_topic_rule",
      "name": "command_to_tuya",
      "provider": "provider[\"registry.terraform.io/hashicorp/aws\"]",
      "instances": [
        {
          "schema_version": 0,
          "attributes": {
            "arn": "arn:aws:iot:us-east-1:023487919036:rule/smarthome_dev_commands",
            "cloudwatch_alarm": [],
            "cloudwatch_logs": [],
            "cloudwatch_metric": [],
            "description": "Forward commands to Lambda for Tuya delivery",
            "dynamodb": [],
            "dynamodbv2": [],
            "elasticsearch": [],
            "enabled": true,
            "error_action": [],
            "firehose": [],
            "http": [],
            "id": "smarthome_dev_commands",
            "iot_analytics": [],
            "iot_events": [],
            "kafka": [],
            "kinesis": [],
            "lambda": [
              {
                "function_arn": "arn:aws:lambda:us-east-1:023487919036:function:smarthome-dev-tuya-command"
              }
            ],
            "name": "smarthome_dev_commands",
            "republish": [],
            "s3": [],
            "sns": [],
            "sql": "SELECT *, topic(3) as thingName FROM '$aws/things/+/shadow/update' WHERE isUndefined(state.desired) = false",
            "sql_version": "2016-03-23",
            "sqs": [],
            "step_functions": [],
            "tags": {
              "Environment": "dev",
              "Project": "SmartHomePlatform",
              "Team": "CloudComputingClass"
            },
            "tags_all": {
              "Course": "CloudComputing",
              "Environment": "dev",
              "ManagedBy": "Terraform",
              "Project": "SmartHomePlatform",
              "Team": "CloudComputingClass"
            },
            "timestream": []
          },
          "sensitive_attributes": [],
          "identity_schema_version": 0,
          "private": "bnVsbA==",
          "dependencies": [
            "module.iot.aws_iam_role.lambda_role",
            "module.iot.aws_lambda_function.tuya_command",
            "module.iot.aws_secretsmanager_secret.tuya_credentials",
            "module.iot.data.archive_file.lambda_zip",
            "module.iot.data.aws_iot_endpoint.current"
          ]
        }
      ]
    },
    {
      "module": "module.iot",
      "mode": "managed",
      "type": "aws_iot_topic_rule",
      "name": "shadow_to_sqs",
      "provider": "provider[\"registry.terraform.io/hashicorp/aws\"]",
      "instances": [
        {
          "schema_version": 0,
          "attributes": {
            "arn": "arn:aws:iot:us-east-1:023487919036:rule/smarthome_dev_shadow_updates",
            "cloudwatch_alarm": [],
            "cloudwatch_logs": [],
            "cloudwatch_metric": [],
            "description": "Forward device shadow updates to SQS for processing",
            "dynamodb": [],
            "dynamodbv2": [],
            "elasticsearch": [],
            "enabled": true,
            "error_action": [],
            "firehose": [],
            "http": [],
            "id": "smarthome_dev_shadow_updates",
            "iot_analytics": [],
            "iot_events": [],
            "kafka": [],
            "kinesis": [],
            "lambda": [],
            "name": "smarthome_dev_shadow_updates",
            "republish": [],
            "s3": [],
            "sns": [],
            "sql": "SELECT *, topic(3) as deviceId FROM '$aws/things/+/shadow/update/accepted'",
            "sql_version": "2016-03-23",
            "sqs": [
              {
                "queue_url": "https://sqs.us-east-1.amazonaws.com/023487919036/smarthome-dev-device-events",
                "role_arn": "arn:aws:iam::023487919036:role/smarthome-dev-iot-sqs-role",
                "use_base64": false
              }
            ],
            "step_functions": [],
            "tags": {
              "Environment": "dev",
              "Project": "SmartHomePlatform",
              "Team": "CloudComputingClass"
            },
            "tags_all": {
              "Course": "CloudComputing",
              "Environment": "dev",
              "ManagedBy": "Terraform",
              "Project": "SmartHomePlatform",
              "Team": "CloudComputingClass"
            },
            "timestream": []
          },
          "sensitive_attributes": [],
          "identity_schema_version": 0,
          "private": "bnVsbA==",
          "dependencies": [
            "module.iot.aws_iam_role.iot_sqs_role",
            "module.iot.aws_sqs_queue.device_events"
          ]
        }
      ]
    },
    {
      "module": "module.iot",
      "mode": "managed",
      "type": "aws_lambda_function",
      "name": "tuya_command",
      "provider": "provider[\"registry.terraform.io/hashicorp/aws\"]",
      "instances": [
        {
          "schema_version": 0,
          "attributes": {
            "architectures": [
              "x86_64"
            ],
            "arn": "arn:aws:lambda:us-east-1:023487919036:function:smarthome-dev-tuya-command",
            "code_sha256": "kkmS5F8isGlDmJwB2P0gEt2M16osdJJjQ5vGnHrn488=",
            "code_signing_config_arn": "",
            "dead_letter_config": [],
            "description": "Sends commands from IoT Core to Tuya devices",
            "environment": [
              {
                "variables": {
                  "IOT_ENDPOINT": "a1tz6agk3vlgq9-ats.iot.us-east-1.amazonaws.com",
                  "SECRET_NAME": "smarthome-dev-tuya-credentials"
                }
              }
            ],
            "ephemeral_storage": [
              {
                "size": 512
              }
            ],
            "file_system_config": [],
            "filename": "modules/iot/lambda.zip",
            "function_name": "smarthome-dev-tuya-command",
            "handler": "handler.send_command_to_tuya",
            "id": "smarthome-dev-tuya-command",
            "image_config": [],
            "image_uri": "",
            "invoke_arn": "arn:aws:apigateway:us-east-1:lambda:path/2015-03-31/functions/arn:aws:lambda:us-east-1:023487919036:function:smarthome-dev-tuya-command/invocations",
            "kms_key_arn": "",
            "last_modified": "2026-05-01T20:08:22.711+0000",
            "layers": null,
            "logging_config": [
              {
                "application_log_level": "",
                "log_format": "Text",
                "log_group": "/aws/lambda/smarthome-dev-tuya-command",
                "system_log_level": ""
              }
            ],
            "memory_size": 128,
            "package_type": "Zip",
            "publish": false,
            "qualified_arn": "arn:aws:lambda:us-east-1:023487919036:function:smarthome-dev-tuya-command:$LATEST",
            "qualified_invoke_arn": "arn:aws:apigateway:us-east-1:lambda:path/2015-03-31/functions/arn:aws:lambda:us-east-1:023487919036:function:smarthome-dev-tuya-command:$LATEST/invocations",
            "replace_security_groups_on_destroy": null,
            "replacement_security_group_ids": null,
            "reserved_concurrent_executions": -1,
            "role": "arn:aws:iam::023487919036:role/smarthome-dev-lambda-iot-role",
            "runtime": "python3.11",
            "s3_bucket": null,
            "s3_key": null,
            "s3_object_version": null,
            "signing_job_arn": "",
            "signing_profile_version_arn": "",
            "skip_destroy": false,
            "snap_start": [],
            "source_code_hash": "kkmS5F8isGlDmJwB2P0gEt2M16osdJJjQ5vGnHrn488=",
            "source_code_size": 3438,
            "tags": {
              "Environment": "dev",
              "Project": "SmartHomePlatform",
              "Team": "CloudComputingClass"
            },
            "tags_all": {
              "Course": "CloudComputing",
              "Environment": "dev",
              "ManagedBy": "Terraform",
              "Project": "SmartHomePlatform",
              "Team": "CloudComputingClass"
            },
            "timeout": 30,
            "timeouts": null,
            "tracing_config": [
              {
                "mode": "PassThrough"
              }
            ],
            "version": "$LATEST",
            "vpc_config": []
          },
          "sensitive_attributes": [],
          "identity_schema_version": 0,
          "private": "eyJlMmJmYjczMC1lY2FhLTExZTYtOGY4OC0zNDM2M2JjN2M0YzAiOnsiY3JlYXRlIjo2MDAwMDAwMDAwMDAsImRlbGV0ZSI6NjAwMDAwMDAwMDAwLCJ1cGRhdGUiOjYwMDAwMDAwMDAwMH19",
          "dependencies": [
            "module.iot.aws_iam_role.lambda_role",
            "module.iot.aws_secretsmanager_secret.tuya_credentials",
            "module.iot.data.archive_file.lambda_zip",
            "module.iot.data.aws_iot_endpoint.current"
          ]
        }
      ]
    },
    {
      "module": "module.iot",
      "mode": "managed",
      "type": "aws_lambda_function",
      "name": "tuya_poller",
      "provider": "provider[\"registry.terraform.io/hashicorp/aws\"]",
      "instances": [
        {
          "schema_version": 0,
          "attributes": {
            "architectures": [
              "x86_64"
            ],
            "arn": "arn:aws:lambda:us-east-1:023487919036:function:smarthome-dev-tuya-poller",
            "code_sha256": "kkmS5F8isGlDmJwB2P0gEt2M16osdJJjQ5vGnHrn488=",
            "code_signing_config_arn": "",
            "dead_letter_config": [],
            "description": "Polls Tuya Cloud and updates IoT Core device shadows",
            "environment": [
              {
                "variables": {
                  "IOT_ENDPOINT": "a1tz6agk3vlgq9-ats.iot.us-east-1.amazonaws.com",
                  "SECRET_NAME": "smarthome-dev-tuya-credentials",
                  "TUYA_DEVICE_IDS": ""
                }
              }
            ],
            "ephemeral_storage": [
              {
                "size": 512
              }
            ],
            "file_system_config": [],
            "filename": "modules/iot/lambda.zip",
            "function_name": "smarthome-dev-tuya-poller",
            "handler": "handler.poll_tuya_devices",
            "id": "smarthome-dev-tuya-poller",
            "image_config": [],
            "image_uri": "",
            "invoke_arn": "arn:aws:apigateway:us-east-1:lambda:path/2015-03-31/functions/arn:aws:lambda:us-east-1:023487919036:function:smarthome-dev-tuya-poller/invocations",
            "kms_key_arn": "",
            "last_modified": "2026-05-01T20:08:16.403+0000",
            "layers": null,
            "logging_config": [
              {
                "application_log_level": "",
                "log_format": "Text",
                "log_group": "/aws/lambda/smarthome-dev-tuya-poller",
                "system_log_level": ""
              }
            ],
            "memory_size": 256,
            "package_type": "Zip",
            "publish": false,
            "qualified_arn": "arn:aws:lambda:us-east-1:023487919036:function:smarthome-dev-tuya-poller:$LATEST",
            "qualified_invoke_arn": "arn:aws:apigateway:us-east-1:lambda:path/2015-03-31/functions/arn:aws:lambda:us-east-1:023487919036:function:smarthome-dev-tuya-poller:$LATEST/invocations",
            "replace_security_groups_on_destroy": null,
            "replacement_security_group_ids": null,
            "reserved_concurrent_executions": -1,
            "role": "arn:aws:iam::023487919036:role/smarthome-dev-lambda-iot-role",
            "runtime": "python3.11",
            "s3_bucket": null,
            "s3_key": null,
            "s3_object_version": null,
            "signing_job_arn": "",
            "signing_profile_version_arn": "",
            "skip_destroy": false,
            "snap_start": [],
            "source_code_hash": "kkmS5F8isGlDmJwB2P0gEt2M16osdJJjQ5vGnHrn488=",
            "source_code_size": 3438,
            "tags": {
              "Environment": "dev",
              "Project": "SmartHomePlatform",
              "Team": "CloudComputingClass"
            },
            "tags_all": {
              "Course": "CloudComputing",
              "Environment": "dev",
              "ManagedBy": "Terraform",
              "Project": "SmartHomePlatform",
              "Team": "CloudComputingClass"
            },
            "timeout": 60,
            "timeouts": null,
            "tracing_config": [
              {
                "mode": "PassThrough"
              }
            ],
            "version": "$LATEST",
            "vpc_config": []
          },
          "sensitive_attributes": [],
          "identity_schema_version": 0,
          "private": "eyJlMmJmYjczMC1lY2FhLTExZTYtOGY4OC0zNDM2M2JjN2M0YzAiOnsiY3JlYXRlIjo2MDAwMDAwMDAwMDAsImRlbGV0ZSI6NjAwMDAwMDAwMDAwLCJ1cGRhdGUiOjYwMDAwMDAwMDAwMH19",
          "dependencies": [
            "module.iot.aws_iam_role.lambda_role",
            "module.iot.aws_secretsmanager_secret.tuya_credentials",
            "module.iot.data.archive_file.lambda_zip",
            "module.iot.data.aws_iot_endpoint.current"
          ]
        }
      ]
    },
    {
      "module": "module.iot",
      "mode": "managed",
      "type": "aws_lambda_permission",
      "name": "allow_eventbridge_poller",
      "provider": "provider[\"registry.terraform.io/hashicorp/aws\"]",
      "instances": [
        {
          "schema_version": 0,
          "attributes": {
            "action": "lambda:InvokeFunction",
            "event_source_token": null,
            "function_name": "smarthome-dev-tuya-poller",
            "function_url_auth_type": null,
            "id": "AllowEventBridge",
            "principal": "events.amazonaws.com",
            "principal_org_id": null,
            "qualifier": "",
            "source_account": null,
            "source_arn": "arn:aws:events:us-east-1:023487919036:rule/smarthome-dev-tuya-poll",
            "statement_id": "AllowEventBridge",
            "statement_id_prefix": ""
          },
          "sensitive_attributes": [],
          "identity_schema_version": 0,
          "private": "bnVsbA==",
          "dependencies": [
            "module.iot.aws_cloudwatch_event_rule.tuya_poll_schedule",
            "module.iot.aws_iam_role.lambda_role",
            "module.iot.aws_lambda_function.tuya_poller",
            "module.iot.aws_secretsmanager_secret.tuya_credentials",
            "module.iot.data.archive_file.lambda_zip",
            "module.iot.data.aws_iot_endpoint.current"
          ]
        }
      ]
    },
    {
      "module": "module.iot",
      "mode": "managed",
      "type": "aws_lambda_permission",
      "name": "allow_iot_command",
      "provider": "provider[\"registry.terraform.io/hashicorp/aws\"]",
      "instances": [
        {
          "schema_version": 0,
          "attributes": {
            "action": "lambda:InvokeFunction",
            "event_source_token": null,
            "function_name": "smarthome-dev-tuya-command",
            "function_url_auth_type": null,
            "id": "AllowIoTRule",
            "principal": "iot.amazonaws.com",
            "principal_org_id": null,
            "qualifier": "",
            "source_account": null,
            "source_arn": null,
            "statement_id": "AllowIoTRule",
            "statement_id_prefix": ""
          },
          "sensitive_attributes": [],
          "identity_schema_version": 0,
          "private": "bnVsbA==",
          "dependencies": [
            "module.iot.aws_iam_role.lambda_role",
            "module.iot.aws_lambda_function.tuya_command",
            "module.iot.aws_secretsmanager_secret.tuya_credentials",
            "module.iot.data.archive_file.lambda_zip",
            "module.iot.data.aws_iot_endpoint.current"
          ]
        }
      ]
    },
    {
      "module": "module.iot",
      "mode": "managed",
      "type": "aws_secretsmanager_secret",
      "name": "tuya_credentials",
      "provider": "provider[\"registry.terraform.io/hashicorp/aws\"]",
      "instances": [
        {
          "schema_version": 0,
          "attributes": {
            "arn": "arn:aws:secretsmanager:us-east-1:023487919036:secret:smarthome-dev-tuya-credentials-n89nhV",
            "description": "Tuya Cloud API credentials",
            "force_overwrite_replica_secret": false,
            "id": "arn:aws:secretsmanager:us-east-1:023487919036:secret:smarthome-dev-tuya-credentials-n89nhV",
            "kms_key_id": "",
            "name": "smarthome-dev-tuya-credentials",
            "name_prefix": "",
            "policy": "",
            "recovery_window_in_days": 0,
            "replica": [],
            "tags": {
              "Environment": "dev",
              "Project": "SmartHomePlatform",
              "Team": "CloudComputingClass"
            },
            "tags_all": {
              "Course": "CloudComputing",
              "Environment": "dev",
              "ManagedBy": "Terraform",
              "Project": "SmartHomePlatform",
              "Team": "CloudComputingClass"
            }
          },
          "sensitive_attributes": [],
          "identity_schema_version": 0,
          "private": "bnVsbA=="
        }
      ]
    },
    {
      "module": "module.iot",
      "mode": "managed",
      "type": "aws_secretsmanager_secret_version",
      "name": "tuya_credentials",
      "provider": "provider[\"registry.terraform.io/hashicorp/aws\"]",
      "instances": [
        {
          "schema_version": 0,
          "attributes": {
            "arn": "arn:aws:secretsmanager:us-east-1:023487919036:secret:smarthome-dev-tuya-credentials-n89nhV",
            "has_secret_string_wo": null,
            "id": "arn:aws:secretsmanager:us-east-1:023487919036:secret:smarthome-dev-tuya-credentials-n89nhV|terraform-20260501200807067200000002",
            "secret_binary": "",
            "secret_id": "arn:aws:secretsmanager:us-east-1:023487919036:secret:smarthome-dev-tuya-credentials-n89nhV",
            "secret_string": "{\"client_id\":\"\",\"client_secret\":\"\",\"region\":\"us\"}",
            "secret_string_wo": null,
            "secret_string_wo_version": null,
            "version_id": "terraform-20260501200807067200000002",
            "version_stages": [
              "AWSCURRENT"
            ]
          },
          "sensitive_attributes": [
            [
              {
                "type": "get_attr",
                "value": "secret_binary"
              }
            ],
            [
              {
                "type": "get_attr",
                "value": "secret_string"
              }
            ],
            [
              {
                "type": "get_attr",
                "value": "secret_string_wo"
              }
            ]
          ],
          "identity_schema_version": 0,
          "private": "bnVsbA==",
          "dependencies": [
            "module.iot.aws_secretsmanager_secret.tuya_credentials"
          ]
        }
      ]
    },
    {
      "module": "module.iot",
      "mode": "managed",
      "type": "aws_sqs_queue",
      "name": "device_events",
      "provider": "provider[\"registry.terraform.io/hashicorp/aws\"]",
      "instances": [
        {
          "schema_version": 0,
          "attributes": {
            "arn": "arn:aws:sqs:us-east-1:023487919036:smarthome-dev-device-events",
            "content_based_deduplication": false,
            "deduplication_scope": "",
            "delay_seconds": 0,
            "fifo_queue": false,
            "fifo_throughput_limit": "",
            "id": "https://sqs.us-east-1.amazonaws.com/023487919036/smarthome-dev-device-events",
            "kms_data_key_reuse_period_seconds": 300,
            "kms_master_key_id": "",
            "max_message_size": 262144,
            "message_retention_seconds": 86400,
            "name": "smarthome-dev-device-events",
            "name_prefix": "",
            "policy": "",
            "receive_wait_time_seconds": 10,
            "redrive_allow_policy": "",
            "redrive_policy": "",
            "sqs_managed_sse_enabled": true,
            "tags": {
              "Environment": "dev",
              "Name": "smarthome-dev-device-events",
              "Project": "SmartHomePlatform",
              "Team": "CloudComputingClass"
            },
            "tags_all": {
              "Course": "CloudComputing",
              "Environment": "dev",
              "ManagedBy": "Terraform",
              "Name": "smarthome-dev-device-events",
              "Project": "SmartHomePlatform",
              "Team": "CloudComputingClass"
            },
            "timeouts": null,
            "url": "https://sqs.us-east-1.amazonaws.com/023487919036/smarthome-dev-device-events",
            "visibility_timeout_seconds": 30
          },
          "sensitive_attributes": [],
          "identity_schema_version": 0,
          "private": "eyJlMmJmYjczMC1lY2FhLTExZTYtOGY4OC0zNDM2M2JjN2M0YzAiOnsiY3JlYXRlIjoxODAwMDAwMDAwMDAsImRlbGV0ZSI6MTgwMDAwMDAwMDAwLCJ1cGRhdGUiOjE4MDAwMDAwMDAwMH19"
        }
      ]
    },
    {
      "module": "module.iot",
      "mode": "managed",
      "type": "aws_sqs_queue",
      "name": "device_events_dlq",
      "provider": "provider[\"registry.terraform.io/hashicorp/aws\"]",
      "instances": [
        {
          "schema_version": 0,
          "attributes": {
            "arn": "arn:aws:sqs:us-east-1:023487919036:smarthome-dev-device-events-dlq",
            "content_based_deduplication": false,
            "deduplication_scope": "",
            "delay_seconds": 0,
            "fifo_queue": false,
            "fifo_throughput_limit": "",
            "id": "https://sqs.us-east-1.amazonaws.com/023487919036/smarthome-dev-device-events-dlq",
            "kms_data_key_reuse_period_seconds": 300,
            "kms_master_key_id": "",
            "max_message_size": 262144,
            "message_retention_seconds": 345600,
            "name": "smarthome-dev-device-events-dlq",
            "name_prefix": "",
            "policy": "",
            "receive_wait_time_seconds": 0,
            "redrive_allow_policy": "",
            "redrive_policy": "",
            "sqs_managed_sse_enabled": true,
            "tags": {
              "Environment": "dev",
              "Project": "SmartHomePlatform",
              "Team": "CloudComputingClass"
            },
            "tags_all": {
              "Course": "CloudComputing",
              "Environment": "dev",
              "ManagedBy": "Terraform",
              "Project": "SmartHomePlatform",
              "Team": "CloudComputingClass"
            },
            "timeouts": null,
            "url": "https://sqs.us-east-1.amazonaws.com/023487919036/smarthome-dev-device-events-dlq",
            "visibility_timeout_seconds": 30
          },
          "sensitive_attributes": [],
          "identity_schema_version": 0,
          "private": "eyJlMmJmYjczMC1lY2FhLTExZTYtOGY4OC0zNDM2M2JjN2M0YzAiOnsiY3JlYXRlIjoxODAwMDAwMDAwMDAsImRlbGV0ZSI6MTgwMDAwMDAwMDAwLCJ1cGRhdGUiOjE4MDAwMDAwMDAwMH19"
        }
      ]
    },
    {
      "module": "module.iot",
      "mode": "managed",
      "type": "aws_sqs_queue_redrive_policy",
      "name": "device_events",
      "provider": "provider[\"registry.terraform.io/hashicorp/aws\"]",
      "instances": [
        {
          "schema_version": 0,
          "attributes": {
            "id": "https://sqs.us-east-1.amazonaws.com/023487919036/smarthome-dev-device-events",
            "queue_url": "https://sqs.us-east-1.amazonaws.com/023487919036/smarthome-dev-device-events",
            "redrive_policy": "{\"deadLetterTargetArn\":\"arn:aws:sqs:us-east-1:023487919036:smarthome-dev-device-events-dlq\",\"maxReceiveCount\":3}"
          },
          "sensitive_attributes": [],
          "identity_schema_version": 0,
          "private": "bnVsbA==",
          "dependencies": [
            "module.iot.aws_sqs_queue.device_events",
            "module.iot.aws_sqs_queue.device_events_dlq"
          ]
        }
      ]
    },
    {
      "module": "module.networking",
      "mode": "data",
      "type": "aws_availability_zones",
      "name": "available",
      "provider": "provider[\"registry.terraform.io/hashicorp/aws\"]",
      "instances": [
        {
          "schema_version": 0,
          "attributes": {
            "all_availability_zones": null,
            "exclude_names": null,
            "exclude_zone_ids": null,
            "filter": null,
            "group_names": [
              "us-east-1-zg-1"
            ],
            "id": "us-east-1",
            "names": [
              "us-east-1a",
              "us-east-1b",
              "us-east-1c",
              "us-east-1d",
              "us-east-1e",
              "us-east-1f"
            ],
            "state": "available",
            "timeouts": null,
            "zone_ids": [
              "use1-az6",
              "use1-az1",
              "use1-az2",
              "use1-az4",
              "use1-az3",
              "use1-az5"
            ]
          },
          "sensitive_attributes": [],
          "identity_schema_version": 0
        }
      ]
    },
    {
      "module": "module.networking",
      "mode": "managed",
      "type": "aws_eip",
      "name": "nat",
      "provider": "provider[\"registry.terraform.io/hashicorp/aws\"]",
      "instances": [
        {
          "schema_version": 0,
          "attributes": {
            "address": null,
            "allocation_id": "eipalloc-054458d640bedc276",
            "arn": "arn:aws:ec2:us-east-1:023487919036:elastic-ip/eipalloc-054458d640bedc276",
            "associate_with_private_ip": null,
            "association_id": "",
            "carrier_ip": "",
            "customer_owned_ip": "",
            "customer_owned_ipv4_pool": "",
            "domain": "vpc",
            "id": "eipalloc-054458d640bedc276",
            "instance": "",
            "ipam_pool_id": null,
            "network_border_group": "us-east-1",
            "network_interface": "",
            "private_dns": null,
            "private_ip": "",
            "ptr_record": "",
            "public_dns": "ec2-34-197-52-250.compute-1.amazonaws.com",
            "public_ip": "34.197.52.250",
            "public_ipv4_pool": "amazon",
            "tags": {
              "Environment": "dev",
              "Name": "smarthome-dev-nat-eip",
              "Project": "SmartHomePlatform",
              "Team": "CloudComputingClass"
            },
            "tags_all": {
              "Course": "CloudComputing",
              "Environment": "dev",
              "ManagedBy": "Terraform",
              "Name": "smarthome-dev-nat-eip",
              "Project": "SmartHomePlatform",
              "Team": "CloudComputingClass"
            },
            "timeouts": null,
            "vpc": true
          },
          "sensitive_attributes": [],
          "identity_schema_version": 0,
          "private": "eyJlMmJmYjczMC1lY2FhLTExZTYtOGY4OC0zNDM2M2JjN2M0YzAiOnsiZGVsZXRlIjoxODAwMDAwMDAwMDAsInJlYWQiOjkwMDAwMDAwMDAwMCwidXBkYXRlIjozMDAwMDAwMDAwMDB9fQ=="
        }
      ]
    },
    {
      "module": "module.networking",
      "mode": "managed",
      "type": "aws_internet_gateway",
      "name": "main",
      "provider": "provider[\"registry.terraform.io/hashicorp/aws\"]",
      "instances": [
        {
          "schema_version": 0,
          "attributes": {
            "arn": "arn:aws:ec2:us-east-1:023487919036:internet-gateway/igw-0c7718c28fb487d6d",
            "id": "igw-0c7718c28fb487d6d",
            "owner_id": "023487919036",
            "tags": {
              "Environment": "dev",
              "Name": "smarthome-dev-igw",
              "Project": "SmartHomePlatform",
              "Team": "CloudComputingClass"
            },
            "tags_all": {
              "Course": "CloudComputing",
              "Environment": "dev",
              "ManagedBy": "Terraform",
              "Name": "smarthome-dev-igw",
              "Project": "SmartHomePlatform",
              "Team": "CloudComputingClass"
            },
            "timeouts": null,
            "vpc_id": "vpc-0761dcfd6e80ae53c"
          },
          "sensitive_attributes": [],
          "identity_schema_version": 0,
          "private": "eyJlMmJmYjczMC1lY2FhLTExZTYtOGY4OC0zNDM2M2JjN2M0YzAiOnsiY3JlYXRlIjoxMjAwMDAwMDAwMDAwLCJkZWxldGUiOjEyMDAwMDAwMDAwMDAsInVwZGF0ZSI6MTIwMDAwMDAwMDAwMH19",
          "dependencies": [
            "module.networking.aws_vpc.main"
          ]
        }
      ]
    },
    {
      "module": "module.networking",
      "mode": "managed",
      "type": "aws_nat_gateway",
      "name": "main",
      "provider": "provider[\"registry.terraform.io/hashicorp/aws\"]",
      "instances": [
        {
          "schema_version": 0,
          "attributes": {
            "allocation_id": "eipalloc-054458d640bedc276",
            "association_id": "eipassoc-03dd6ab69c89cd093",
            "connectivity_type": "public",
            "id": "nat-0e0e88819a8beb1bd",
            "network_interface_id": "eni-0f98b73e54c18f732",
            "private_ip": "10.0.0.237",
            "public_ip": "34.197.52.250",
            "secondary_allocation_ids": null,
            "secondary_private_ip_address_count": 0,
            "secondary_private_ip_addresses": [],
            "subnet_id": "subnet-04fca90574c871d01",
            "tags": {
              "Environment": "dev",
              "Name": "smarthome-dev-nat",
              "Project": "SmartHomePlatform",
              "Team": "CloudComputingClass"
            },
            "tags_all": {
              "Course": "CloudComputing",
              "Environment": "dev",
              "ManagedBy": "Terraform",
              "Name": "smarthome-dev-nat",
              "Project": "SmartHomePlatform",
              "Team": "CloudComputingClass"
            },
            "timeouts": null
          },
          "sensitive_attributes": [],
          "identity_schema_version": 0,
          "private": "eyJlMmJmYjczMC1lY2FhLTExZTYtOGY4OC0zNDM2M2JjN2M0YzAiOnsiY3JlYXRlIjo2MDAwMDAwMDAwMDAsImRlbGV0ZSI6MTgwMDAwMDAwMDAwMCwidXBkYXRlIjo2MDAwMDAwMDAwMDB9fQ==",
          "dependencies": [
            "module.networking.aws_eip.nat",
            "module.networking.aws_internet_gateway.main",
            "module.networking.aws_subnet.public",
            "module.networking.aws_vpc.main",
            "module.networking.data.aws_availability_zones.available"
          ]
        }
      ]
    },
    {
      "module": "module.networking",
      "mode": "managed",
      "type": "aws_route_table",
      "name": "private",
      "provider": "provider[\"registry.terraform.io/hashicorp/aws\"]",
      "instances": [
        {
          "schema_version": 0,
          "attributes": {
            "arn": "arn:aws:ec2:us-east-1:023487919036:route-table/rtb-02d73095ece135fbb",
            "id": "rtb-02d73095ece135fbb",
            "owner_id": "023487919036",
            "propagating_vgws": [],
            "route": [
              {
                "carrier_gateway_id": "",
                "cidr_block": "0.0.0.0/0",
                "core_network_arn": "",
                "destination_prefix_list_id": "",
                "egress_only_gateway_id": "",
                "gateway_id": "",
                "ipv6_cidr_block": "",
                "local_gateway_id": "",
                "nat_gateway_id": "nat-0e0e88819a8beb1bd",
                "network_interface_id": "",
                "transit_gateway_id": "",
                "vpc_endpoint_id": "",
                "vpc_peering_connection_id": ""
              }
            ],
            "tags": {
              "Environment": "dev",
              "Name": "smarthome-dev-private-rt",
              "Project": "SmartHomePlatform",
              "Team": "CloudComputingClass"
            },
            "tags_all": {
              "Course": "CloudComputing",
              "Environment": "dev",
              "ManagedBy": "Terraform",
              "Name": "smarthome-dev-private-rt",
              "Project": "SmartHomePlatform",
              "Team": "CloudComputingClass"
            },
            "timeouts": null,
            "vpc_id": "vpc-0761dcfd6e80ae53c"
          },
          "sensitive_attributes": [],
          "identity_schema_version": 0,
          "private": "eyJlMmJmYjczMC1lY2FhLTExZTYtOGY4OC0zNDM2M2JjN2M0YzAiOnsiY3JlYXRlIjozMDAwMDAwMDAwMDAsImRlbGV0ZSI6MzAwMDAwMDAwMDAwLCJ1cGRhdGUiOjEyMDAwMDAwMDAwMH19",
          "dependencies": [
            "module.networking.aws_eip.nat",
            "module.networking.aws_internet_gateway.main",
            "module.networking.aws_nat_gateway.main",
            "module.networking.aws_subnet.public",
            "module.networking.aws_vpc.main",
            "module.networking.data.aws_availability_zones.available"
          ]
        }
      ]
    },
    {
      "module": "module.networking",
      "mode": "managed",
      "type": "aws_route_table",
      "name": "public",
      "provider": "provider[\"registry.terraform.io/hashicorp/aws\"]",
      "instances": [
        {
          "schema_version": 0,
          "attributes": {
            "arn": "arn:aws:ec2:us-east-1:023487919036:route-table/rtb-06f7b9b12b8279fad",
            "id": "rtb-06f7b9b12b8279fad",
            "owner_id": "023487919036",
            "propagating_vgws": [],
            "route": [
              {
                "carrier_gateway_id": "",
                "cidr_block": "0.0.0.0/0",
                "core_network_arn": "",
                "destination_prefix_list_id": "",
                "egress_only_gateway_id": "",
                "gateway_id": "igw-0c7718c28fb487d6d",
                "ipv6_cidr_block": "",
                "local_gateway_id": "",
                "nat_gateway_id": "",
                "network_interface_id": "",
                "transit_gateway_id": "",
                "vpc_endpoint_id": "",
                "vpc_peering_connection_id": ""
              }
            ],
            "tags": {
              "Environment": "dev",
              "Name": "smarthome-dev-public-rt",
              "Project": "SmartHomePlatform",
              "Team": "CloudComputingClass"
            },
            "tags_all": {
              "Course": "CloudComputing",
              "Environment": "dev",
              "ManagedBy": "Terraform",
              "Name": "smarthome-dev-public-rt",
              "Project": "SmartHomePlatform",
              "Team": "CloudComputingClass"
            },
            "timeouts": null,
            "vpc_id": "vpc-0761dcfd6e80ae53c"
          },
          "sensitive_attributes": [],
          "identity_schema_version": 0,
          "private": "eyJlMmJmYjczMC1lY2FhLTExZTYtOGY4OC0zNDM2M2JjN2M0YzAiOnsiY3JlYXRlIjozMDAwMDAwMDAwMDAsImRlbGV0ZSI6MzAwMDAwMDAwMDAwLCJ1cGRhdGUiOjEyMDAwMDAwMDAwMH19",
          "dependencies": [
            "module.networking.aws_internet_gateway.main",
            "module.networking.aws_vpc.main"
          ]
        }
      ]
    },
    {
      "module": "module.networking",
      "mode": "managed",
      "type": "aws_route_table_association",
      "name": "private",
      "provider": "provider[\"registry.terraform.io/hashicorp/aws\"]",
      "instances": [
        {
          "index_key": 0,
          "schema_version": 0,
          "attributes": {
            "gateway_id": "",
            "id": "rtbassoc-0261b76160b2bbc89",
            "route_table_id": "rtb-02d73095ece135fbb",
            "subnet_id": "subnet-0ef7ec56ffcf5eb0c",
            "timeouts": null
          },
          "sensitive_attributes": [],
          "identity_schema_version": 0,
          "private": "eyJlMmJmYjczMC1lY2FhLTExZTYtOGY4OC0zNDM2M2JjN2M0YzAiOnsiY3JlYXRlIjozMDAwMDAwMDAwMDAsImRlbGV0ZSI6MzAwMDAwMDAwMDAwLCJ1cGRhdGUiOjEyMDAwMDAwMDAwMH19",
          "dependencies": [
            "module.networking.aws_eip.nat",
            "module.networking.aws_internet_gateway.main",
            "module.networking.aws_nat_gateway.main",
            "module.networking.aws_route_table.private",
            "module.networking.aws_subnet.private",
            "module.networking.aws_subnet.public",
            "module.networking.aws_vpc.main",
            "module.networking.data.aws_availability_zones.available"
          ]
        },
        {
          "index_key": 1,
          "schema_version": 0,
          "attributes": {
            "gateway_id": "",
            "id": "rtbassoc-083f8a510942b0a1d",
            "route_table_id": "rtb-02d73095ece135fbb",
            "subnet_id": "subnet-05681b4e4a3e040f8",
            "timeouts": null
          },
          "sensitive_attributes": [],
          "identity_schema_version": 0,
          "private": "eyJlMmJmYjczMC1lY2FhLTExZTYtOGY4OC0zNDM2M2JjN2M0YzAiOnsiY3JlYXRlIjozMDAwMDAwMDAwMDAsImRlbGV0ZSI6MzAwMDAwMDAwMDAwLCJ1cGRhdGUiOjEyMDAwMDAwMDAwMH19",
          "dependencies": [
            "module.networking.aws_eip.nat",
            "module.networking.aws_internet_gateway.main",
            "module.networking.aws_nat_gateway.main",
            "module.networking.aws_route_table.private",
            "module.networking.aws_subnet.private",
            "module.networking.aws_subnet.public",
            "module.networking.aws_vpc.main",
            "module.networking.data.aws_availability_zones.available"
          ]
        }
      ]
    },
    {
      "module": "module.networking",
      "mode": "managed",
      "type": "aws_route_table_association",
      "name": "public",
      "provider": "provider[\"registry.terraform.io/hashicorp/aws\"]",
      "instances": [
        {
          "index_key": 0,
          "schema_version": 0,
          "attributes": {
            "gateway_id": "",
            "id": "rtbassoc-066d10b028ba4f550",
            "route_table_id": "rtb-06f7b9b12b8279fad",
            "subnet_id": "subnet-04fca90574c871d01",
            "timeouts": null
          },
          "sensitive_attributes": [],
          "identity_schema_version": 0,
          "private": "eyJlMmJmYjczMC1lY2FhLTExZTYtOGY4OC0zNDM2M2JjN2M0YzAiOnsiY3JlYXRlIjozMDAwMDAwMDAwMDAsImRlbGV0ZSI6MzAwMDAwMDAwMDAwLCJ1cGRhdGUiOjEyMDAwMDAwMDAwMH19",
          "dependencies": [
            "module.networking.aws_internet_gateway.main",
            "module.networking.aws_route_table.public",
            "module.networking.aws_subnet.public",
            "module.networking.aws_vpc.main",
            "module.networking.data.aws_availability_zones.available"
          ]
        },
        {
          "index_key": 1,
          "schema_version": 0,
          "attributes": {
            "gateway_id": "",
            "id": "rtbassoc-0b59c00cd59f15c11",
            "route_table_id": "rtb-06f7b9b12b8279fad",
            "subnet_id": "subnet-0c0227cfa3eef3e52",
            "timeouts": null
          },
          "sensitive_attributes": [],
          "identity_schema_version": 0,
          "private": "eyJlMmJmYjczMC1lY2FhLTExZTYtOGY4OC0zNDM2M2JjN2M0YzAiOnsiY3JlYXRlIjozMDAwMDAwMDAwMDAsImRlbGV0ZSI6MzAwMDAwMDAwMDAwLCJ1cGRhdGUiOjEyMDAwMDAwMDAwMH19",
          "dependencies": [
            "module.networking.aws_internet_gateway.main",
            "module.networking.aws_route_table.public",
            "module.networking.aws_subnet.public",
            "module.networking.aws_vpc.main",
            "module.networking.data.aws_availability_zones.available"
          ]
        }
      ]
    },
    {
      "module": "module.networking",
      "mode": "managed",
      "type": "aws_subnet",
      "name": "private",
      "provider": "provider[\"registry.terraform.io/hashicorp/aws\"]",
      "instances": [
        {
          "index_key": 0,
          "schema_version": 1,
          "attributes": {
            "arn": "arn:aws:ec2:us-east-1:023487919036:subnet/subnet-0ef7ec56ffcf5eb0c",
            "assign_ipv6_address_on_creation": false,
            "availability_zone": "us-east-1a",
            "availability_zone_id": "use1-az6",
            "cidr_block": "10.0.10.0/24",
            "customer_owned_ipv4_pool": "",
            "enable_dns64": false,
            "enable_lni_at_device_index": 0,
            "enable_resource_name_dns_a_record_on_launch": false,
            "enable_resource_name_dns_aaaa_record_on_launch": false,
            "id": "subnet-0ef7ec56ffcf5eb0c",
            "ipv6_cidr_block": "",
            "ipv6_cidr_block_association_id": "",
            "ipv6_native": false,
            "map_customer_owned_ip_on_launch": false,
            "map_public_ip_on_launch": false,
            "outpost_arn": "",
            "owner_id": "023487919036",
            "private_dns_hostname_type_on_launch": "ip-name",
            "tags": {
              "Environment": "dev",
              "Name": "smarthome-dev-private-1",
              "Project": "SmartHomePlatform",
              "Team": "CloudComputingClass",
              "Type": "Private"
            },
            "tags_all": {
              "Course": "CloudComputing",
              "Environment": "dev",
              "ManagedBy": "Terraform",
              "Name": "smarthome-dev-private-1",
              "Project": "SmartHomePlatform",
              "Team": "CloudComputingClass",
              "Type": "Private"
            },
            "timeouts": null,
            "vpc_id": "vpc-0761dcfd6e80ae53c"
          },
          "sensitive_attributes": [],
          "identity_schema_version": 0,
          "private": "eyJlMmJmYjczMC1lY2FhLTExZTYtOGY4OC0zNDM2M2JjN2M0YzAiOnsiY3JlYXRlIjo2MDAwMDAwMDAwMDAsImRlbGV0ZSI6MTIwMDAwMDAwMDAwMH0sInNjaGVtYV92ZXJzaW9uIjoiMSJ9",
          "dependencies": [
            "module.networking.aws_vpc.main",
            "module.networking.data.aws_availability_zones.available"
          ]
        },
        {
          "index_key": 1,
          "schema_version": 1,
          "attributes": {
            "arn": "arn:aws:ec2:us-east-1:023487919036:subnet/subnet-05681b4e4a3e040f8",
            "assign_ipv6_address_on_creation": false,
            "availability_zone": "us-east-1b",
            "availability_zone_id": "use1-az1",
            "cidr_block": "10.0.11.0/24",
            "customer_owned_ipv4_pool": "",
            "enable_dns64": false,
            "enable_lni_at_device_index": 0,
            "enable_resource_name_dns_a_record_on_launch": false,
            "enable_resource_name_dns_aaaa_record_on_launch": false,
            "id": "subnet-05681b4e4a3e040f8",
            "ipv6_cidr_block": "",
            "ipv6_cidr_block_association_id": "",
            "ipv6_native": false,
            "map_customer_owned_ip_on_launch": false,
            "map_public_ip_on_launch": false,
            "outpost_arn": "",
            "owner_id": "023487919036",
            "private_dns_hostname_type_on_launch": "ip-name",
            "tags": {
              "Environment": "dev",
              "Name": "smarthome-dev-private-2",
              "Project": "SmartHomePlatform",
              "Team": "CloudComputingClass",
              "Type": "Private"
            },
            "tags_all": {
              "Course": "CloudComputing",
              "Environment": "dev",
              "ManagedBy": "Terraform",
              "Name": "smarthome-dev-private-2",
              "Project": "SmartHomePlatform",
              "Team": "CloudComputingClass",
              "Type": "Private"
            },
            "timeouts": null,
            "vpc_id": "vpc-0761dcfd6e80ae53c"
          },
          "sensitive_attributes": [],
          "identity_schema_version": 0,
          "private": "eyJlMmJmYjczMC1lY2FhLTExZTYtOGY4OC0zNDM2M2JjN2M0YzAiOnsiY3JlYXRlIjo2MDAwMDAwMDAwMDAsImRlbGV0ZSI6MTIwMDAwMDAwMDAwMH0sInNjaGVtYV92ZXJzaW9uIjoiMSJ9",
          "dependencies": [
            "module.networking.aws_vpc.main",
            "module.networking.data.aws_availability_zones.available"
          ]
        }
      ]
    },
    {
      "module": "module.networking",
      "mode": "managed",
      "type": "aws_subnet",
      "name": "public",
      "provider": "provider[\"registry.terraform.io/hashicorp/aws\"]",
      "instances": [
        {
          "index_key": 0,
          "schema_version": 1,
          "attributes": {
            "arn": "arn:aws:ec2:us-east-1:023487919036:subnet/subnet-04fca90574c871d01",
            "assign_ipv6_address_on_creation": false,
            "availability_zone": "us-east-1a",
            "availability_zone_id": "use1-az6",
            "cidr_block": "10.0.0.0/24",
            "customer_owned_ipv4_pool": "",
            "enable_dns64": false,
            "enable_lni_at_device_index": 0,
            "enable_resource_name_dns_a_record_on_launch": false,
            "enable_resource_name_dns_aaaa_record_on_launch": false,
            "id": "subnet-04fca90574c871d01",
            "ipv6_cidr_block": "",
            "ipv6_cidr_block_association_id": "",
            "ipv6_native": false,
            "map_customer_owned_ip_on_launch": false,
            "map_public_ip_on_launch": true,
            "outpost_arn": "",
            "owner_id": "023487919036",
            "private_dns_hostname_type_on_launch": "ip-name",
            "tags": {
              "Environment": "dev",
              "Name": "smarthome-dev-public-1",
              "Project": "SmartHomePlatform",
              "Team": "CloudComputingClass",
              "Type": "Public"
            },
            "tags_all": {
              "Course": "CloudComputing",
              "Environment": "dev",
              "ManagedBy": "Terraform",
              "Name": "smarthome-dev-public-1",
              "Project": "SmartHomePlatform",
              "Team": "CloudComputingClass",
              "Type": "Public"
            },
            "timeouts": null,
            "vpc_id": "vpc-0761dcfd6e80ae53c"
          },
          "sensitive_attributes": [],
          "identity_schema_version": 0,
          "private": "eyJlMmJmYjczMC1lY2FhLTExZTYtOGY4OC0zNDM2M2JjN2M0YzAiOnsiY3JlYXRlIjo2MDAwMDAwMDAwMDAsImRlbGV0ZSI6MTIwMDAwMDAwMDAwMH0sInNjaGVtYV92ZXJzaW9uIjoiMSJ9",
          "dependencies": [
            "module.networking.aws_vpc.main",
            "module.networking.data.aws_availability_zones.available"
          ]
        },
        {
          "index_key": 1,
          "schema_version": 1,
          "attributes": {
            "arn": "arn:aws:ec2:us-east-1:023487919036:subnet/subnet-0c0227cfa3eef3e52",
            "assign_ipv6_address_on_creation": false,
            "availability_zone": "us-east-1b",
            "availability_zone_id": "use1-az1",
            "cidr_block": "10.0.1.0/24",
            "customer_owned_ipv4_pool": "",
            "enable_dns64": false,
            "enable_lni_at_device_index": 0,
            "enable_resource_name_dns_a_record_on_launch": false,
            "enable_resource_name_dns_aaaa_record_on_launch": false,
            "id": "subnet-0c0227cfa3eef3e52",
            "ipv6_cidr_block": "",
            "ipv6_cidr_block_association_id": "",
            "ipv6_native": false,
            "map_customer_owned_ip_on_launch": false,
            "map_public_ip_on_launch": true,
            "outpost_arn": "",
            "owner_id": "023487919036",
            "private_dns_hostname_type_on_launch": "ip-name",
            "tags": {
              "Environment": "dev",
              "Name": "smarthome-dev-public-2",
              "Project": "SmartHomePlatform",
              "Team": "CloudComputingClass",
              "Type": "Public"
            },
            "tags_all": {
              "Course": "CloudComputing",
              "Environment": "dev",
              "ManagedBy": "Terraform",
              "Name": "smarthome-dev-public-2",
              "Project": "SmartHomePlatform",
              "Team": "CloudComputingClass",
              "Type": "Public"
            },
            "timeouts": null,
            "vpc_id": "vpc-0761dcfd6e80ae53c"
          },
          "sensitive_attributes": [],
          "identity_schema_version": 0,
          "private": "eyJlMmJmYjczMC1lY2FhLTExZTYtOGY4OC0zNDM2M2JjN2M0YzAiOnsiY3JlYXRlIjo2MDAwMDAwMDAwMDAsImRlbGV0ZSI6MTIwMDAwMDAwMDAwMH0sInNjaGVtYV92ZXJzaW9uIjoiMSJ9",
          "dependencies": [
            "module.networking.aws_vpc.main",
            "module.networking.data.aws_availability_zones.available"
          ]
        }
      ]
    },
    {
      "module": "module.networking",
      "mode": "managed",
      "type": "aws_vpc",
      "name": "main",
      "provider": "provider[\"registry.terraform.io/hashicorp/aws\"]",
      "instances": [
        {
          "schema_version": 1,
          "attributes": {
            "arn": "arn:aws:ec2:us-east-1:023487919036:vpc/vpc-0761dcfd6e80ae53c",
            "assign_generated_ipv6_cidr_block": false,
            "cidr_block": "10.0.0.0/16",
            "default_network_acl_id": "acl-0bfd58b166f4d819b",
            "default_route_table_id": "rtb-0ca8c0f5287071a84",
            "default_security_group_id": "sg-06e5a66a581a588ad",
            "dhcp_options_id": "dopt-0bc3dd4985524dfd0",
            "enable_dns_hostnames": true,
            "enable_dns_support": true,
            "enable_network_address_usage_metrics": false,
            "id": "vpc-0761dcfd6e80ae53c",
            "instance_tenancy": "default",
            "ipv4_ipam_pool_id": null,
            "ipv4_netmask_length": null,
            "ipv6_association_id": "",
            "ipv6_cidr_block": "",
            "ipv6_cidr_block_network_border_group": "",
            "ipv6_ipam_pool_id": "",
            "ipv6_netmask_length": 0,
            "main_route_table_id": "rtb-0ca8c0f5287071a84",
            "owner_id": "023487919036",
            "tags": {
              "Environment": "dev",
              "Name": "smarthome-dev-vpc",
              "Project": "SmartHomePlatform",
              "Team": "CloudComputingClass"
            },
            "tags_all": {
              "Course": "CloudComputing",
              "Environment": "dev",
              "ManagedBy": "Terraform",
              "Name": "smarthome-dev-vpc",
              "Project": "SmartHomePlatform",
              "Team": "CloudComputingClass"
            }
          },
          "sensitive_attributes": [],
          "identity_schema_version": 0,
          "private": "eyJzY2hlbWFfdmVyc2lvbiI6IjEifQ=="
        }
      ]
    }
  ],
  "check_results": [
    {
      "object_kind": "var",
      "config_addr": "var.db_password",
      "status": "pass",
      "objects": [
        {
          "object_addr": "var.db_password",
          "status": "pass"
        }
      ]
    },
    {
      "object_kind": "var",
      "config_addr": "var.environment",
      "status": "pass",
      "objects": [
        {
          "object_addr": "var.environment",
          "status": "pass"
        }
      ]
    }
  ]
}
